<?xml version="1.0" encoding="UTF-8"?>
<!DOCTYPE plist PUBLIC "-//Apple//DTD PLIST 1.0//EN" "http://www.apple.com/DTDs/PropertyList-1.0.dtd">
<plist version="1.0">
<dict>
	<key>archiveVersion</key>
	<string>1</string>
	<key>classes</key>
	<dict/>
	<key>objectVersion</key>
	<string>46</string>
	<key>objects</key>
	<dict>
		<key>0670232DA8BC455994151517</key>
		<dict>
			<key>buildActionMask</key>
			<string>2147483647</string>
			<key>files</key>
			<array/>
			<key>inputPaths</key>
			<array/>
			<key>isa</key>
			<string>PBXShellScriptBuildPhase</string>
			<key>name</key>
			<string>Copy Pods Resources</string>
			<key>outputPaths</key>
			<array/>
			<key>runOnlyForDeploymentPostprocessing</key>
			<string>0</string>
			<key>shellPath</key>
			<string>/bin/sh</string>
			<key>shellScript</key>
			<string>"${SRCROOT}/Pods/Target Support Files/Pods-ShakedownSampleTests/Pods-ShakedownSampleTests-resources.sh"
</string>
			<key>showEnvVarsInLog</key>
			<string>0</string>
		</dict>
		<key>0AD7D0031BD60A3E38BDD117</key>
		<dict>
			<key>children</key>
			<array>
				<string>7DB555E2A7BDBBFB1B2C21C4</string>
			</array>
			<key>isa</key>
			<string>PBXGroup</string>
			<key>name</key>
			<string>Frameworks</string>
			<key>sourceTree</key>
			<string>&lt;group&gt;</string>
		</dict>
		<key>2DE1EC11921ECB130A541FA7</key>
		<dict>
			<key>buildActionMask</key>
			<string>2147483647</string>
			<key>files</key>
			<array/>
			<key>inputPaths</key>
			<array/>
			<key>isa</key>
			<string>PBXShellScriptBuildPhase</string>
			<key>name</key>
			<string>Embed Pods Frameworks</string>
			<key>outputPaths</key>
			<array/>
			<key>runOnlyForDeploymentPostprocessing</key>
			<string>0</string>
			<key>shellPath</key>
			<string>/bin/sh</string>
			<key>shellScript</key>
			<string>"${SRCROOT}/Pods/Target Support Files/Pods-ShakedownSampleTests/Pods-ShakedownSampleTests-frameworks.sh"
</string>
			<key>showEnvVarsInLog</key>
			<string>0</string>
		</dict>
		<key>5004FB8D1AB93C4B0053A47A</key>
		<dict>
			<key>children</key>
			<array>
				<string>5004FB8E1AB93C530053A47A</string>
				<string>509461E11ABA6CD900D0E897</string>
				<string>5004FB921AB9485E0053A47A</string>
				<string>50114B041ABD7E460077AA92</string>
			</array>
			<key>isa</key>
			<string>PBXGroup</string>
			<key>path</key>
			<string>UI</string>
			<key>sourceTree</key>
			<string>&lt;group&gt;</string>
		</dict>
		<key>5004FB8E1AB93C530053A47A</key>
		<dict>
			<key>fileEncoding</key>
			<string>4</string>
			<key>isa</key>
			<string>PBXFileReference</string>
			<key>lastKnownFileType</key>
			<string>sourcecode.swift</string>
			<key>path</key>
			<string>ShakedownViewController.swift</string>
			<key>sourceTree</key>
			<string>&lt;group&gt;</string>
		</dict>
		<key>5004FB901AB93C530053A47A</key>
		<dict>
			<key>fileRef</key>
			<string>5004FB8E1AB93C530053A47A</string>
			<key>isa</key>
			<string>PBXBuildFile</string>
		</dict>
		<key>5004FB921AB9485E0053A47A</key>
		<dict>
			<key>fileEncoding</key>
			<string>4</string>
			<key>isa</key>
			<string>PBXFileReference</string>
			<key>lastKnownFileType</key>
			<string>file.storyboard</string>
			<key>path</key>
			<string>Shakedown.storyboard</string>
			<key>sourceTree</key>
			<string>&lt;group&gt;</string>
		</dict>
		<key>5004FB931AB9485E0053A47A</key>
		<dict>
			<key>fileRef</key>
			<string>5004FB921AB9485E0053A47A</string>
			<key>isa</key>
			<string>PBXBuildFile</string>
		</dict>
		<key>5004FB961AB94E9B0053A47A</key>
		<dict>
			<key>fileEncoding</key>
			<string>4</string>
			<key>isa</key>
			<string>PBXFileReference</string>
			<key>lastKnownFileType</key>
			<string>sourcecode.swift</string>
			<key>path</key>
			<string>Shakedown.swift</string>
			<key>sourceTree</key>
			<string>&lt;group&gt;</string>
		</dict>
		<key>5004FB971AB94E9B0053A47A</key>
		<dict>
			<key>fileRef</key>
			<string>5004FB961AB94E9B0053A47A</string>
			<key>isa</key>
			<string>PBXBuildFile</string>
		</dict>
		<key>50114AFF1ABD72F60077AA92</key>
		<dict>
			<key>fileEncoding</key>
			<string>4</string>
			<key>isa</key>
			<string>PBXFileReference</string>
			<key>lastKnownFileType</key>
			<string>sourcecode.swift</string>
			<key>path</key>
			<string>PivotalReporter.swift</string>
			<key>sourceTree</key>
			<string>&lt;group&gt;</string>
		</dict>
		<key>50114B001ABD72F60077AA92</key>
		<dict>
			<key>fileRef</key>
			<string>50114AFF1ABD72F60077AA92</string>
			<key>isa</key>
			<string>PBXBuildFile</string>
		</dict>
		<key>50114B041ABD7E460077AA92</key>
		<dict>
			<key>fileEncoding</key>
			<string>4</string>
			<key>isa</key>
			<string>PBXFileReference</string>
			<key>lastKnownFileType</key>
			<string>sourcecode.swift</string>
			<key>path</key>
			<string>ShakeTriggerViewController.swift</string>
			<key>sourceTree</key>
			<string>&lt;group&gt;</string>
		</dict>
		<key>50114B051ABD7E460077AA92</key>
		<dict>
			<key>fileRef</key>
			<string>50114B041ABD7E460077AA92</string>
			<key>isa</key>
			<string>PBXBuildFile</string>
		</dict>
		<key>50114B061ABE7FB30077AA92</key>
		<dict>
			<key>fileEncoding</key>
			<string>4</string>
			<key>isa</key>
			<string>PBXFileReference</string>
			<key>lastKnownFileType</key>
			<string>sourcecode.swift</string>
			<key>path</key>
			<string>Configuration.swift</string>
			<key>sourceTree</key>
			<string>&lt;group&gt;</string>
		</dict>
		<key>50114B071ABE7FB30077AA92</key>
		<dict>
			<key>fileRef</key>
			<string>50114B061ABE7FB30077AA92</string>
			<key>isa</key>
			<string>PBXBuildFile</string>
		</dict>
		<key>50114B081ABECB950077AA92</key>
		<dict>
			<key>isa</key>
			<string>PBXFileReference</string>
			<key>lastKnownFileType</key>
			<string>sourcecode.c.h</string>
			<key>path</key>
			<string>ShakedownSample-Bridging-Header.h</string>
			<key>sourceTree</key>
			<string>&lt;group&gt;</string>
		</dict>
		<key>50302A871AB926E1006A2C1E</key>
		<dict>
			<key>children</key>
			<array>
				<string>50302A881AB926E1006A2C1E</string>
				<string>50302A891AB926E1006A2C1E</string>
			</array>
			<key>isa</key>
			<string>PBXGroup</string>
			<key>path</key>
			<string>Image Uploaders</string>
			<key>sourceTree</key>
			<string>&lt;group&gt;</string>
		</dict>
		<key>50302A881AB926E1006A2C1E</key>
		<dict>
			<key>fileEncoding</key>
			<string>4</string>
			<key>isa</key>
			<string>PBXFileReference</string>
			<key>lastKnownFileType</key>
			<string>sourcecode.swift</string>
			<key>path</key>
			<string>ImageUploader.swift</string>
			<key>sourceTree</key>
			<string>&lt;group&gt;</string>
		</dict>
		<key>50302A891AB926E1006A2C1E</key>
		<dict>
			<key>fileEncoding</key>
			<string>4</string>
			<key>isa</key>
			<string>PBXFileReference</string>
			<key>lastKnownFileType</key>
			<string>sourcecode.swift</string>
			<key>path</key>
			<string>ImgurUploader.swift</string>
			<key>sourceTree</key>
			<string>&lt;group&gt;</string>
		</dict>
		<key>50302A8A1AB926E1006A2C1E</key>
		<dict>
			<key>children</key>
			<array>
				<string>50302A8B1AB926E1006A2C1E</string>
				<string>50302A8F1AB926F2006A2C1E</string>
			</array>
			<key>isa</key>
			<string>PBXGroup</string>
			<key>path</key>
			<string>Log Uploaders</string>
			<key>sourceTree</key>
			<string>&lt;group&gt;</string>
		</dict>
		<key>50302A8B1AB926E1006A2C1E</key>
		<dict>
			<key>fileEncoding</key>
			<string>4</string>
			<key>isa</key>
			<string>PBXFileReference</string>
			<key>lastKnownFileType</key>
			<string>sourcecode.swift</string>
			<key>path</key>
			<string>LogUploader.swift</string>
			<key>sourceTree</key>
			<string>&lt;group&gt;</string>
		</dict>
		<key>50302A8C1AB926E1006A2C1E</key>
		<dict>
			<key>fileRef</key>
			<string>50302A881AB926E1006A2C1E</string>
			<key>isa</key>
			<string>PBXBuildFile</string>
		</dict>
		<key>50302A8D1AB926E1006A2C1E</key>
		<dict>
			<key>fileRef</key>
			<string>50302A891AB926E1006A2C1E</string>
			<key>isa</key>
			<string>PBXBuildFile</string>
		</dict>
		<key>50302A8E1AB926E1006A2C1E</key>
		<dict>
			<key>fileRef</key>
			<string>50302A8B1AB926E1006A2C1E</string>
			<key>isa</key>
			<string>PBXBuildFile</string>
		</dict>
		<key>50302A8F1AB926F2006A2C1E</key>
		<dict>
			<key>fileEncoding</key>
			<string>4</string>
			<key>isa</key>
			<string>PBXFileReference</string>
			<key>lastKnownFileType</key>
			<string>sourcecode.swift</string>
			<key>path</key>
			<string>GistUploader.swift</string>
			<key>sourceTree</key>
			<string>&lt;group&gt;</string>
		</dict>
		<key>50302A901AB926F2006A2C1E</key>
		<dict>
			<key>fileRef</key>
			<string>50302A8F1AB926F2006A2C1E</string>
			<key>isa</key>
			<string>PBXBuildFile</string>
		</dict>
		<key>50302A911AB92C77006A2C1E</key>
		<dict>
			<key>fileEncoding</key>
			<string>4</string>
			<key>isa</key>
			<string>PBXFileReference</string>
			<key>lastKnownFileType</key>
			<string>sourcecode.swift</string>
			<key>path</key>
			<string>GithubIssuesReporter.swift</string>
			<key>sourceTree</key>
			<string>&lt;group&gt;</string>
		</dict>
		<key>50302A921AB92C77006A2C1E</key>
		<dict>
			<key>fileRef</key>
			<string>50302A911AB92C77006A2C1E</string>
			<key>isa</key>
			<string>PBXBuildFile</string>
		</dict>
		<key>50302A931AB92C94006A2C1E</key>
		<dict>
			<key>fileEncoding</key>
			<string>4</string>
			<key>isa</key>
			<string>PBXFileReference</string>
			<key>lastKnownFileType</key>
			<string>sourcecode.swift</string>
			<key>path</key>
			<string>Reporter.swift</string>
			<key>sourceTree</key>
			<string>&lt;group&gt;</string>
		</dict>
		<key>50302A941AB92C94006A2C1E</key>
		<dict>
			<key>fileRef</key>
			<string>50302A931AB92C94006A2C1E</string>
			<key>isa</key>
			<string>PBXBuildFile</string>
		</dict>
		<key>503756171AB91B1900F3419B</key>
		<dict>
			<key>children</key>
			<array>
				<string>5037564F1AB91E9A00F3419B</string>
				<string>503756221AB91B1900F3419B</string>
				<string>503756381AB91B1900F3419B</string>
				<string>503756211AB91B1900F3419B</string>
				<string>818079BAD8B4B9FCCA9F6A70</string>
				<string>0AD7D0031BD60A3E38BDD117</string>
			</array>
			<key>isa</key>
			<string>PBXGroup</string>
			<key>sourceTree</key>
			<string>&lt;group&gt;</string>
		</dict>
		<key>503756181AB91B1900F3419B</key>
		<dict>
			<key>attributes</key>
			<dict>
				<key>LastUpgradeCheck</key>
				<string>0620</string>
				<key>ORGANIZATIONNAME</key>
				<string>Max Goedjen</string>
				<key>TargetAttributes</key>
				<dict>
					<key>5037561F1AB91B1900F3419B</key>
					<dict>
						<key>CreatedOnToolsVersion</key>
						<string>6.2</string>
					</dict>
					<key>503756341AB91B1900F3419B</key>
					<dict>
						<key>CreatedOnToolsVersion</key>
						<string>6.2</string>
						<key>TestTargetID</key>
						<string>5037561F1AB91B1900F3419B</string>
					</dict>
				</dict>
			</dict>
			<key>buildConfigurationList</key>
			<string>5037561B1AB91B1900F3419B</string>
			<key>compatibilityVersion</key>
			<string>Xcode 3.2</string>
			<key>developmentRegion</key>
			<string>English</string>
			<key>hasScannedForEncodings</key>
			<string>0</string>
			<key>isa</key>
			<string>PBXProject</string>
			<key>knownRegions</key>
			<array>
				<string>en</string>
				<string>Base</string>
			</array>
			<key>mainGroup</key>
			<string>503756171AB91B1900F3419B</string>
			<key>productRefGroup</key>
			<string>503756211AB91B1900F3419B</string>
			<key>projectDirPath</key>
			<string></string>
			<key>projectReferences</key>
			<array/>
			<key>projectRoot</key>
			<string></string>
			<key>targets</key>
			<array>
				<string>5037561F1AB91B1900F3419B</string>
				<string>503756341AB91B1900F3419B</string>
			</array>
		</dict>
		<key>5037561B1AB91B1900F3419B</key>
		<dict>
			<key>buildConfigurations</key>
			<array>
				<string>5037563D1AB91B1900F3419B</string>
				<string>5037563E1AB91B1900F3419B</string>
			</array>
			<key>defaultConfigurationIsVisible</key>
			<string>0</string>
			<key>defaultConfigurationName</key>
			<string>Release</string>
			<key>isa</key>
			<string>XCConfigurationList</string>
		</dict>
		<key>5037561C1AB91B1900F3419B</key>
		<dict>
			<key>buildActionMask</key>
			<string>2147483647</string>
			<key>files</key>
			<array>
				<string>5037565B1AB91E9A00F3419B</string>
				<string>50302A8C1AB926E1006A2C1E</string>
				<string>50302A8E1AB926E1006A2C1E</string>
				<string>50302A8D1AB926E1006A2C1E</string>
				<string>50114B001ABD72F60077AA92</string>
				<string>509461E91ABA6CD900D0E897</string>
				<string>509461EB1ABA6CD900D0E897</string>
				<string>509461ED1ABAE01800D0E897</string>
				<string>5004FB971AB94E9B0053A47A</string>
				<string>50114B071ABE7FB30077AA92</string>
				<string>503756281AB91B1900F3419B</string>
				<string>503756261AB91B1900F3419B</string>
				<string>50302A901AB926F2006A2C1E</string>
				<string>50302A941AB92C94006A2C1E</string>
				<string>50B2A2741ABECC6700C7A075</string>
				<string>50302A921AB92C77006A2C1E</string>
				<string>509461E81ABA6CD900D0E897</string>
				<string>50FD43E81ABC1355008B6E71</string>
				<string>50114B051ABD7E460077AA92</string>
				<string>5004FB901AB93C530053A47A</string>
				<string>509461E71ABA6CD900D0E897</string>
				<string>509461EA1ABA6CD900D0E897</string>
				<string>5060F49D1AC2AA8600719DF5</string>
			</array>
			<key>isa</key>
			<string>PBXSourcesBuildPhase</string>
			<key>runOnlyForDeploymentPostprocessing</key>
			<string>0</string>
		</dict>
		<key>5037561D1AB91B1900F3419B</key>
		<dict>
			<key>buildActionMask</key>
			<string>2147483647</string>
			<key>files</key>
			<array/>
			<key>isa</key>
			<string>PBXFrameworksBuildPhase</string>
			<key>runOnlyForDeploymentPostprocessing</key>
			<string>0</string>
		</dict>
		<key>5037561E1AB91B1900F3419B</key>
		<dict>
			<key>buildActionMask</key>
			<string>2147483647</string>
			<key>files</key>
			<array>
				<string>5037562B1AB91B1900F3419B</string>
				<string>503756301AB91B1900F3419B</string>
				<string>5037562D1AB91B1900F3419B</string>
				<string>5004FB931AB9485E0053A47A</string>
			</array>
			<key>isa</key>
			<string>PBXResourcesBuildPhase</string>
			<key>runOnlyForDeploymentPostprocessing</key>
			<string>0</string>
		</dict>
		<key>5037561F1AB91B1900F3419B</key>
		<dict>
			<key>buildConfigurationList</key>
			<string>5037563F1AB91B1900F3419B</string>
			<key>buildPhases</key>
			<array>
				<string>5037561C1AB91B1900F3419B</string>
				<string>5037561D1AB91B1900F3419B</string>
				<string>5037561E1AB91B1900F3419B</string>
			</array>
			<key>buildRules</key>
			<array/>
			<key>dependencies</key>
			<array/>
			<key>isa</key>
			<string>PBXNativeTarget</string>
			<key>name</key>
			<string>ShakedownSample</string>
			<key>productName</key>
			<string>ShakedownSample</string>
			<key>productReference</key>
			<string>503756201AB91B1900F3419B</string>
			<key>productType</key>
			<string>com.apple.product-type.application</string>
		</dict>
		<key>503756201AB91B1900F3419B</key>
		<dict>
			<key>explicitFileType</key>
			<string>wrapper.application</string>
			<key>includeInIndex</key>
			<string>0</string>
			<key>isa</key>
			<string>PBXFileReference</string>
			<key>path</key>
			<string>ShakedownSample.app</string>
			<key>sourceTree</key>
			<string>BUILT_PRODUCTS_DIR</string>
		</dict>
		<key>503756211AB91B1900F3419B</key>
		<dict>
			<key>children</key>
			<array>
				<string>503756201AB91B1900F3419B</string>
				<string>503756351AB91B1900F3419B</string>
			</array>
			<key>isa</key>
			<string>PBXGroup</string>
			<key>name</key>
			<string>Products</string>
			<key>sourceTree</key>
			<string>&lt;group&gt;</string>
		</dict>
		<key>503756221AB91B1900F3419B</key>
		<dict>
			<key>children</key>
			<array>
				<string>503756251AB91B1900F3419B</string>
				<string>503756271AB91B1900F3419B</string>
				<string>50B2A2721ABECC6700C7A075</string>
				<string>50B2A2731ABECC6700C7A075</string>
				<string>503756291AB91B1900F3419B</string>
				<string>5037562C1AB91B1900F3419B</string>
				<string>5037562E1AB91B1900F3419B</string>
				<string>503756231AB91B1900F3419B</string>
				<string>50114B081ABECB950077AA92</string>
			</array>
			<key>isa</key>
			<string>PBXGroup</string>
			<key>path</key>
			<string>ShakedownSample</string>
			<key>sourceTree</key>
			<string>&lt;group&gt;</string>
		</dict>
		<key>503756231AB91B1900F3419B</key>
		<dict>
			<key>children</key>
			<array>
				<string>503756241AB91B1900F3419B</string>
			</array>
			<key>isa</key>
			<string>PBXGroup</string>
			<key>path</key>
			<string>Supporting Files</string>
			<key>sourceTree</key>
			<string>&lt;group&gt;</string>
		</dict>
		<key>503756241AB91B1900F3419B</key>
		<dict>
			<key>isa</key>
			<string>PBXFileReference</string>
			<key>lastKnownFileType</key>
			<string>text.plist.xml</string>
			<key>path</key>
			<string>Info.plist</string>
			<key>sourceTree</key>
			<string>&lt;group&gt;</string>
		</dict>
		<key>503756251AB91B1900F3419B</key>
		<dict>
			<key>isa</key>
			<string>PBXFileReference</string>
			<key>lastKnownFileType</key>
			<string>sourcecode.swift</string>
			<key>path</key>
			<string>AppDelegate.swift</string>
			<key>sourceTree</key>
			<string>&lt;group&gt;</string>
		</dict>
		<key>503756261AB91B1900F3419B</key>
		<dict>
			<key>fileRef</key>
			<string>503756251AB91B1900F3419B</string>
			<key>isa</key>
			<string>PBXBuildFile</string>
		</dict>
		<key>503756271AB91B1900F3419B</key>
		<dict>
			<key>isa</key>
			<string>PBXFileReference</string>
			<key>lastKnownFileType</key>
			<string>sourcecode.swift</string>
			<key>path</key>
			<string>ViewController.swift</string>
			<key>sourceTree</key>
			<string>&lt;group&gt;</string>
		</dict>
		<key>503756281AB91B1900F3419B</key>
		<dict>
			<key>fileRef</key>
			<string>503756271AB91B1900F3419B</string>
			<key>isa</key>
			<string>PBXBuildFile</string>
		</dict>
		<key>503756291AB91B1900F3419B</key>
		<dict>
			<key>children</key>
			<array>
				<string>5037562A1AB91B1900F3419B</string>
			</array>
			<key>isa</key>
			<string>PBXVariantGroup</string>
			<key>name</key>
			<string>Main.storyboard</string>
			<key>sourceTree</key>
			<string>&lt;group&gt;</string>
		</dict>
		<key>5037562A1AB91B1900F3419B</key>
		<dict>
			<key>isa</key>
			<string>PBXFileReference</string>
			<key>lastKnownFileType</key>
			<string>file.storyboard</string>
			<key>name</key>
			<string>Base</string>
			<key>path</key>
			<string>Base.lproj/Main.storyboard</string>
			<key>sourceTree</key>
			<string>&lt;group&gt;</string>
		</dict>
		<key>5037562B1AB91B1900F3419B</key>
		<dict>
			<key>fileRef</key>
			<string>503756291AB91B1900F3419B</string>
			<key>isa</key>
			<string>PBXBuildFile</string>
		</dict>
		<key>5037562C1AB91B1900F3419B</key>
		<dict>
			<key>isa</key>
			<string>PBXFileReference</string>
			<key>lastKnownFileType</key>
			<string>folder.assetcatalog</string>
			<key>path</key>
			<string>Images.xcassets</string>
			<key>sourceTree</key>
			<string>&lt;group&gt;</string>
		</dict>
		<key>5037562D1AB91B1900F3419B</key>
		<dict>
			<key>fileRef</key>
			<string>5037562C1AB91B1900F3419B</string>
			<key>isa</key>
			<string>PBXBuildFile</string>
		</dict>
		<key>5037562E1AB91B1900F3419B</key>
		<dict>
			<key>children</key>
			<array>
				<string>5037562F1AB91B1900F3419B</string>
			</array>
			<key>isa</key>
			<string>PBXVariantGroup</string>
			<key>name</key>
			<string>LaunchScreen.xib</string>
			<key>sourceTree</key>
			<string>&lt;group&gt;</string>
		</dict>
		<key>5037562F1AB91B1900F3419B</key>
		<dict>
			<key>isa</key>
			<string>PBXFileReference</string>
			<key>lastKnownFileType</key>
			<string>file.xib</string>
			<key>name</key>
			<string>Base</string>
			<key>path</key>
			<string>Base.lproj/LaunchScreen.xib</string>
			<key>sourceTree</key>
			<string>&lt;group&gt;</string>
		</dict>
		<key>503756301AB91B1900F3419B</key>
		<dict>
			<key>fileRef</key>
			<string>5037562E1AB91B1900F3419B</string>
			<key>isa</key>
			<string>PBXBuildFile</string>
		</dict>
		<key>503756311AB91B1900F3419B</key>
		<dict>
			<key>buildActionMask</key>
			<string>2147483647</string>
			<key>files</key>
			<array>
				<string>5060F49A1AC2A9CC00719DF5</string>
				<string>5060F4991AC2A9CC00719DF5</string>
				<string>5060F4981AC2A9CC00719DF5</string>
			</array>
			<key>isa</key>
			<string>PBXSourcesBuildPhase</string>
			<key>runOnlyForDeploymentPostprocessing</key>
			<string>0</string>
		</dict>
		<key>503756321AB91B1900F3419B</key>
		<dict>
			<key>buildActionMask</key>
			<string>2147483647</string>
			<key>files</key>
			<array>
				<string>74FBF69B2EE504865794A130</string>
			</array>
			<key>isa</key>
			<string>PBXFrameworksBuildPhase</string>
			<key>runOnlyForDeploymentPostprocessing</key>
			<string>0</string>
		</dict>
		<key>503756331AB91B1900F3419B</key>
		<dict>
			<key>buildActionMask</key>
			<string>2147483647</string>
			<key>files</key>
			<array>
				<string>5060F4A01AC2AA9B00719DF5</string>
			</array>
			<key>isa</key>
			<string>PBXResourcesBuildPhase</string>
			<key>runOnlyForDeploymentPostprocessing</key>
			<string>0</string>
		</dict>
		<key>503756341AB91B1900F3419B</key>
		<dict>
			<key>buildConfigurationList</key>
			<string>503756421AB91B1900F3419B</string>
			<key>buildPhases</key>
			<array>
				<string>780F51A887DC084ED330EB01</string>
				<string>503756311AB91B1900F3419B</string>
				<string>503756321AB91B1900F3419B</string>
				<string>503756331AB91B1900F3419B</string>
				<string>2DE1EC11921ECB130A541FA7</string>
				<string>0670232DA8BC455994151517</string>
			</array>
			<key>buildRules</key>
			<array/>
			<key>dependencies</key>
			<array>
				<string>503756371AB91B1900F3419B</string>
			</array>
			<key>isa</key>
			<string>PBXNativeTarget</string>
			<key>name</key>
			<string>ShakedownSampleTests</string>
			<key>productName</key>
			<string>ShakedownSampleTests</string>
			<key>productReference</key>
			<string>503756351AB91B1900F3419B</string>
			<key>productType</key>
			<string>com.apple.product-type.bundle.unit-test</string>
		</dict>
		<key>503756351AB91B1900F3419B</key>
		<dict>
			<key>explicitFileType</key>
			<string>wrapper.cfbundle</string>
			<key>includeInIndex</key>
			<string>0</string>
			<key>isa</key>
			<string>PBXFileReference</string>
			<key>path</key>
			<string>ShakedownSampleTests.xctest</string>
			<key>sourceTree</key>
			<string>BUILT_PRODUCTS_DIR</string>
		</dict>
		<key>503756361AB91B1900F3419B</key>
		<dict>
			<key>containerPortal</key>
			<string>503756181AB91B1900F3419B</string>
			<key>isa</key>
			<string>PBXContainerItemProxy</string>
			<key>proxyType</key>
			<string>1</string>
			<key>remoteGlobalIDString</key>
			<string>5037561F1AB91B1900F3419B</string>
			<key>remoteInfo</key>
			<string>ShakedownSample</string>
		</dict>
		<key>503756371AB91B1900F3419B</key>
		<dict>
			<key>isa</key>
			<string>PBXTargetDependency</string>
			<key>target</key>
			<string>5037561F1AB91B1900F3419B</string>
			<key>targetProxy</key>
			<string>503756361AB91B1900F3419B</string>
		</dict>
		<key>503756381AB91B1900F3419B</key>
		<dict>
			<key>children</key>
			<array>
				<string>5060F4921AC2A9CC00719DF5</string>
				<string>503756391AB91B1900F3419B</string>
			</array>
			<key>isa</key>
			<string>PBXGroup</string>
			<key>path</key>
			<string>ShakedownSampleTests</string>
			<key>sourceTree</key>
			<string>&lt;group&gt;</string>
		</dict>
		<key>503756391AB91B1900F3419B</key>
		<dict>
			<key>children</key>
			<array>
				<string>5060F49E1AC2AA9B00719DF5</string>
				<string>5037563A1AB91B1900F3419B</string>
			</array>
			<key>isa</key>
			<string>PBXGroup</string>
			<key>path</key>
			<string>Supporting Files</string>
			<key>sourceTree</key>
			<string>&lt;group&gt;</string>
		</dict>
		<key>5037563A1AB91B1900F3419B</key>
		<dict>
			<key>isa</key>
			<string>PBXFileReference</string>
			<key>lastKnownFileType</key>
			<string>text.plist.xml</string>
			<key>path</key>
			<string>Info.plist</string>
			<key>sourceTree</key>
			<string>&lt;group&gt;</string>
		</dict>
		<key>5037563D1AB91B1900F3419B</key>
		<dict>
			<key>buildSettings</key>
			<dict>
				<key>ALWAYS_SEARCH_USER_PATHS</key>
				<string>NO</string>
				<key>CLANG_CXX_LANGUAGE_STANDARD</key>
				<string>gnu++0x</string>
				<key>CLANG_CXX_LIBRARY</key>
				<string>libc++</string>
				<key>CLANG_ENABLE_MODULES</key>
				<string>YES</string>
				<key>CLANG_ENABLE_OBJC_ARC</key>
				<string>YES</string>
				<key>CLANG_WARN_BOOL_CONVERSION</key>
				<string>YES</string>
				<key>CLANG_WARN_CONSTANT_CONVERSION</key>
				<string>YES</string>
				<key>CLANG_WARN_DIRECT_OBJC_ISA_USAGE</key>
				<string>YES_ERROR</string>
				<key>CLANG_WARN_EMPTY_BODY</key>
				<string>YES</string>
				<key>CLANG_WARN_ENUM_CONVERSION</key>
				<string>YES</string>
				<key>CLANG_WARN_INT_CONVERSION</key>
				<string>YES</string>
				<key>CLANG_WARN_OBJC_ROOT_CLASS</key>
				<string>YES_ERROR</string>
				<key>CLANG_WARN_UNREACHABLE_CODE</key>
				<string>YES</string>
				<key>CLANG_WARN__DUPLICATE_METHOD_MATCH</key>
				<string>YES</string>
				<key>CODE_SIGN_IDENTITY[sdk=iphoneos*]</key>
				<string>iPhone Developer</string>
				<key>COPY_PHASE_STRIP</key>
				<string>NO</string>
				<key>ENABLE_STRICT_OBJC_MSGSEND</key>
				<string>YES</string>
				<key>GCC_C_LANGUAGE_STANDARD</key>
				<string>gnu99</string>
				<key>GCC_DYNAMIC_NO_PIC</key>
				<string>NO</string>
				<key>GCC_OPTIMIZATION_LEVEL</key>
				<string>0</string>
				<key>GCC_PREPROCESSOR_DEFINITIONS</key>
				<array>
					<string>DEBUG=1</string>
					<string>$(inherited)</string>
				</array>
				<key>GCC_SYMBOLS_PRIVATE_EXTERN</key>
				<string>NO</string>
				<key>GCC_WARN_64_TO_32_BIT_CONVERSION</key>
				<string>YES</string>
				<key>GCC_WARN_ABOUT_RETURN_TYPE</key>
				<string>YES_ERROR</string>
				<key>GCC_WARN_UNDECLARED_SELECTOR</key>
				<string>YES</string>
				<key>GCC_WARN_UNINITIALIZED_AUTOS</key>
				<string>YES_AGGRESSIVE</string>
				<key>GCC_WARN_UNUSED_FUNCTION</key>
				<string>YES</string>
				<key>GCC_WARN_UNUSED_VARIABLE</key>
				<string>YES</string>
				<key>IPHONEOS_DEPLOYMENT_TARGET</key>
				<string>8.2</string>
				<key>MTL_ENABLE_DEBUG_INFO</key>
				<string>YES</string>
				<key>ONLY_ACTIVE_ARCH</key>
				<string>YES</string>
				<key>SDKROOT</key>
				<string>iphoneos</string>
				<key>SWIFT_OPTIMIZATION_LEVEL</key>
				<string>-Onone</string>
				<key>TARGETED_DEVICE_FAMILY</key>
				<string>1,2</string>
			</dict>
			<key>isa</key>
			<string>XCBuildConfiguration</string>
			<key>name</key>
			<string>Debug</string>
		</dict>
		<key>5037563E1AB91B1900F3419B</key>
		<dict>
			<key>buildSettings</key>
			<dict>
				<key>ALWAYS_SEARCH_USER_PATHS</key>
				<string>NO</string>
				<key>CLANG_CXX_LANGUAGE_STANDARD</key>
				<string>gnu++0x</string>
				<key>CLANG_CXX_LIBRARY</key>
				<string>libc++</string>
				<key>CLANG_ENABLE_MODULES</key>
				<string>YES</string>
				<key>CLANG_ENABLE_OBJC_ARC</key>
				<string>YES</string>
				<key>CLANG_WARN_BOOL_CONVERSION</key>
				<string>YES</string>
				<key>CLANG_WARN_CONSTANT_CONVERSION</key>
				<string>YES</string>
				<key>CLANG_WARN_DIRECT_OBJC_ISA_USAGE</key>
				<string>YES_ERROR</string>
				<key>CLANG_WARN_EMPTY_BODY</key>
				<string>YES</string>
				<key>CLANG_WARN_ENUM_CONVERSION</key>
				<string>YES</string>
				<key>CLANG_WARN_INT_CONVERSION</key>
				<string>YES</string>
				<key>CLANG_WARN_OBJC_ROOT_CLASS</key>
				<string>YES_ERROR</string>
				<key>CLANG_WARN_UNREACHABLE_CODE</key>
				<string>YES</string>
				<key>CLANG_WARN__DUPLICATE_METHOD_MATCH</key>
				<string>YES</string>
				<key>CODE_SIGN_IDENTITY[sdk=iphoneos*]</key>
				<string>iPhone Developer</string>
				<key>COPY_PHASE_STRIP</key>
				<string>NO</string>
				<key>ENABLE_NS_ASSERTIONS</key>
				<string>NO</string>
				<key>ENABLE_STRICT_OBJC_MSGSEND</key>
				<string>YES</string>
				<key>GCC_C_LANGUAGE_STANDARD</key>
				<string>gnu99</string>
				<key>GCC_WARN_64_TO_32_BIT_CONVERSION</key>
				<string>YES</string>
				<key>GCC_WARN_ABOUT_RETURN_TYPE</key>
				<string>YES_ERROR</string>
				<key>GCC_WARN_UNDECLARED_SELECTOR</key>
				<string>YES</string>
				<key>GCC_WARN_UNINITIALIZED_AUTOS</key>
				<string>YES_AGGRESSIVE</string>
				<key>GCC_WARN_UNUSED_FUNCTION</key>
				<string>YES</string>
				<key>GCC_WARN_UNUSED_VARIABLE</key>
				<string>YES</string>
				<key>IPHONEOS_DEPLOYMENT_TARGET</key>
				<string>8.2</string>
				<key>MTL_ENABLE_DEBUG_INFO</key>
				<string>NO</string>
				<key>SDKROOT</key>
				<string>iphoneos</string>
				<key>TARGETED_DEVICE_FAMILY</key>
				<string>1,2</string>
				<key>VALIDATE_PRODUCT</key>
				<string>YES</string>
			</dict>
			<key>isa</key>
			<string>XCBuildConfiguration</string>
			<key>name</key>
			<string>Release</string>
		</dict>
		<key>5037563F1AB91B1900F3419B</key>
		<dict>
			<key>buildConfigurations</key>
			<array>
				<string>503756401AB91B1900F3419B</string>
				<string>503756411AB91B1900F3419B</string>
			</array>
			<key>defaultConfigurationIsVisible</key>
			<string>0</string>
			<key>defaultConfigurationName</key>
			<string>Release</string>
			<key>isa</key>
			<string>XCConfigurationList</string>
		</dict>
		<key>503756401AB91B1900F3419B</key>
		<dict>
			<key>buildSettings</key>
			<dict>
				<key>ASSETCATALOG_COMPILER_APPICON_NAME</key>
				<string>AppIcon</string>
				<key>CLANG_ENABLE_MODULES</key>
				<string>YES</string>
				<key>INFOPLIST_FILE</key>
				<string>ShakedownSample/Supporting Files/Info.plist</string>
				<key>IPHONEOS_DEPLOYMENT_TARGET</key>
				<string>8.1</string>
				<key>LD_RUNPATH_SEARCH_PATHS</key>
				<string>$(inherited) @executable_path/Frameworks</string>
				<key>PRODUCT_NAME</key>
				<string>$(TARGET_NAME)</string>
				<key>SWIFT_OBJC_BRIDGING_HEADER</key>
				<string>ShakedownSample/ShakedownSample-Bridging-Header.h</string>
				<key>SWIFT_OPTIMIZATION_LEVEL</key>
				<string>-Onone</string>
			</dict>
			<key>isa</key>
			<string>XCBuildConfiguration</string>
			<key>name</key>
			<string>Debug</string>
		</dict>
		<key>503756411AB91B1900F3419B</key>
		<dict>
			<key>buildSettings</key>
			<dict>
				<key>ASSETCATALOG_COMPILER_APPICON_NAME</key>
				<string>AppIcon</string>
				<key>CLANG_ENABLE_MODULES</key>
				<string>YES</string>
				<key>INFOPLIST_FILE</key>
				<string>ShakedownSample/Supporting Files/Info.plist</string>
				<key>IPHONEOS_DEPLOYMENT_TARGET</key>
				<string>8.1</string>
				<key>LD_RUNPATH_SEARCH_PATHS</key>
				<string>$(inherited) @executable_path/Frameworks</string>
				<key>PRODUCT_NAME</key>
				<string>$(TARGET_NAME)</string>
				<key>SWIFT_OBJC_BRIDGING_HEADER</key>
				<string>ShakedownSample/ShakedownSample-Bridging-Header.h</string>
			</dict>
			<key>isa</key>
			<string>XCBuildConfiguration</string>
			<key>name</key>
			<string>Release</string>
		</dict>
		<key>503756421AB91B1900F3419B</key>
		<dict>
			<key>buildConfigurations</key>
			<array>
				<string>503756431AB91B1900F3419B</string>
				<string>503756441AB91B1900F3419B</string>
			</array>
			<key>defaultConfigurationIsVisible</key>
			<string>0</string>
			<key>defaultConfigurationName</key>
			<string>Release</string>
			<key>isa</key>
			<string>XCConfigurationList</string>
		</dict>
		<key>503756431AB91B1900F3419B</key>
		<dict>
			<key>baseConfigurationReference</key>
			<string>E1AA48FEA7020C322D210F6D</string>
			<key>buildSettings</key>
			<dict>
				<key>BUNDLE_LOADER</key>
				<string>$(TEST_HOST)</string>
				<key>FRAMEWORK_SEARCH_PATHS</key>
				<array>
					<string>$(SDKROOT)/Developer/Library/Frameworks</string>
					<string>$(inherited)</string>
				</array>
				<key>GCC_PREPROCESSOR_DEFINITIONS</key>
				<array>
					<string>DEBUG=1</string>
					<string>$(inherited)</string>
				</array>
				<key>INFOPLIST_FILE</key>
				<string>ShakedownSampleTests/Supporting Files/Info.plist</string>
				<key>LD_RUNPATH_SEARCH_PATHS</key>
				<string>$(inherited) @executable_path/Frameworks @loader_path/Frameworks</string>
				<key>PRODUCT_NAME</key>
				<string>$(TARGET_NAME)</string>
				<key>TEST_HOST</key>
				<string>$(BUILT_PRODUCTS_DIR)/ShakedownSample.app/ShakedownSample</string>
			</dict>
			<key>isa</key>
			<string>XCBuildConfiguration</string>
			<key>name</key>
			<string>Debug</string>
		</dict>
		<key>503756441AB91B1900F3419B</key>
		<dict>
			<key>baseConfigurationReference</key>
			<string>F7122C9A71F3161C27E4F821</string>
			<key>buildSettings</key>
			<dict>
				<key>BUNDLE_LOADER</key>
				<string>$(TEST_HOST)</string>
				<key>FRAMEWORK_SEARCH_PATHS</key>
				<array>
					<string>$(SDKROOT)/Developer/Library/Frameworks</string>
					<string>$(inherited)</string>
				</array>
				<key>INFOPLIST_FILE</key>
				<string>ShakedownSampleTests/Supporting Files/Info.plist</string>
				<key>LD_RUNPATH_SEARCH_PATHS</key>
				<string>$(inherited) @executable_path/Frameworks @loader_path/Frameworks</string>
				<key>PRODUCT_NAME</key>
				<string>$(TARGET_NAME)</string>
				<key>TEST_HOST</key>
				<string>$(BUILT_PRODUCTS_DIR)/ShakedownSample.app/ShakedownSample</string>
			</dict>
			<key>isa</key>
			<string>XCBuildConfiguration</string>
			<key>name</key>
			<string>Release</string>
		</dict>
		<key>5037564F1AB91E9A00F3419B</key>
		<dict>
			<key>children</key>
			<array>
				<string>5060F49B1AC2AA8600719DF5</string>
				<string>503756501AB91E9A00F3419B</string>
				<string>503756541AB91E9A00F3419B</string>
				<string>503756561AB91E9A00F3419B</string>
				<string>5004FB961AB94E9B0053A47A</string>
				<string>5004FB8D1AB93C4B0053A47A</string>
			</array>
			<key>isa</key>
			<string>PBXGroup</string>
			<key>path</key>
			<string>Shakedown</string>
			<key>sourceTree</key>
			<string>&lt;group&gt;</string>
		</dict>
		<key>503756501AB91E9A00F3419B</key>
		<dict>
			<key>children</key>
			<array>
				<string>50302A871AB926E1006A2C1E</string>
				<string>50302A8A1AB926E1006A2C1E</string>
			</array>
			<key>isa</key>
			<string>PBXGroup</string>
			<key>path</key>
			<string>File Uploaders</string>
			<key>sourceTree</key>
			<string>&lt;group&gt;</string>
		</dict>
		<key>503756541AB91E9A00F3419B</key>
		<dict>
			<key>children</key>
			<array>
				<string>503756551AB91E9A00F3419B</string>
				<string>50114B061ABE7FB30077AA92</string>
			</array>
			<key>isa</key>
			<string>PBXGroup</string>
			<key>path</key>
			<string>Models</string>
			<key>sourceTree</key>
			<string>&lt;group&gt;</string>
		</dict>
		<key>503756551AB91E9A00F3419B</key>
		<dict>
			<key>fileEncoding</key>
			<string>4</string>
			<key>isa</key>
			<string>PBXFileReference</string>
			<key>lastKnownFileType</key>
			<string>sourcecode.swift</string>
			<key>path</key>
			<string>BugReport.swift</string>
			<key>sourceTree</key>
			<string>&lt;group&gt;</string>
		</dict>
		<key>503756561AB91E9A00F3419B</key>
		<dict>
			<key>children</key>
			<array>
				<string>50302A911AB92C77006A2C1E</string>
				<string>50FD43E71ABC1355008B6E71</string>
				<string>50302A931AB92C94006A2C1E</string>
				<string>50114AFF1ABD72F60077AA92</string>
			</array>
			<key>isa</key>
			<string>PBXGroup</string>
			<key>path</key>
			<string>Reporters</string>
			<key>sourceTree</key>
			<string>&lt;group&gt;</string>
		</dict>
		<key>5037565B1AB91E9A00F3419B</key>
		<dict>
			<key>fileRef</key>
			<string>503756551AB91E9A00F3419B</string>
			<key>isa</key>
			<string>PBXBuildFile</string>
		</dict>
		<key>5060F4921AC2A9CC00719DF5</key>
		<dict>
			<key>children</key>
			<array>
				<string>5060F4931AC2A9CC00719DF5</string>
				<string>5060F4961AC2A9CC00719DF5</string>
			</array>
			<key>isa</key>
			<string>PBXGroup</string>
			<key>name</key>
			<string>File Uploaders</string>
			<key>path</key>
			<string>File Uploaders</string>
			<key>sourceTree</key>
			<string>&lt;group&gt;</string>
		</dict>
		<key>5060F4931AC2A9CC00719DF5</key>
		<dict>
			<key>children</key>
			<array>
				<string>5060F4941AC2A9CC00719DF5</string>
				<string>5060F4951AC2A9CC00719DF5</string>
			</array>
			<key>isa</key>
			<string>PBXGroup</string>
			<key>path</key>
			<string>Image Uploaders</string>
			<key>sourceTree</key>
			<string>&lt;group&gt;</string>
		</dict>
		<key>5060F4941AC2A9CC00719DF5</key>
		<dict>
			<key>fileEncoding</key>
			<string>4</string>
			<key>isa</key>
			<string>PBXFileReference</string>
			<key>lastKnownFileType</key>
			<string>sourcecode.swift</string>
			<key>path</key>
			<string>ImageUploaderTests.swift</string>
			<key>sourceTree</key>
			<string>&lt;group&gt;</string>
		</dict>
		<key>5060F4951AC2A9CC00719DF5</key>
		<dict>
			<key>fileEncoding</key>
			<string>4</string>
			<key>isa</key>
			<string>PBXFileReference</string>
			<key>lastKnownFileType</key>
			<string>sourcecode.swift</string>
			<key>path</key>
			<string>ImgurUploaderTests.swift</string>
			<key>sourceTree</key>
			<string>&lt;group&gt;</string>
		</dict>
		<key>5060F4961AC2A9CC00719DF5</key>
		<dict>
			<key>children</key>
			<array>
				<string>5060F4971AC2A9CC00719DF5</string>
			</array>
			<key>isa</key>
			<string>PBXGroup</string>
			<key>path</key>
			<string>Log Uploaders</string>
			<key>sourceTree</key>
			<string>&lt;group&gt;</string>
		</dict>
		<key>5060F4971AC2A9CC00719DF5</key>
		<dict>
			<key>fileEncoding</key>
			<string>4</string>
			<key>isa</key>
			<string>PBXFileReference</string>
			<key>lastKnownFileType</key>
			<string>sourcecode.swift</string>
			<key>path</key>
			<string>GistUploaderTests.swift</string>
			<key>sourceTree</key>
			<string>&lt;group&gt;</string>
		</dict>
		<key>5060F4981AC2A9CC00719DF5</key>
		<dict>
			<key>fileRef</key>
			<string>5060F4941AC2A9CC00719DF5</string>
			<key>isa</key>
			<string>PBXBuildFile</string>
		</dict>
		<key>5060F4991AC2A9CC00719DF5</key>
		<dict>
			<key>fileRef</key>
			<string>5060F4951AC2A9CC00719DF5</string>
			<key>isa</key>
			<string>PBXBuildFile</string>
		</dict>
		<key>5060F49A1AC2A9CC00719DF5</key>
		<dict>
			<key>fileRef</key>
			<string>5060F4971AC2A9CC00719DF5</string>
			<key>isa</key>
			<string>PBXBuildFile</string>
		</dict>
		<key>5060F49B1AC2AA8600719DF5</key>
		<dict>
			<key>children</key>
			<array>
				<string>5060F49C1AC2AA8600719DF5</string>
			</array>
			<key>isa</key>
			<string>PBXGroup</string>
			<key>path</key>
			<string>Extensions</string>
			<key>sourceTree</key>
			<string>&lt;group&gt;</string>
		</dict>
		<key>5060F49C1AC2AA8600719DF5</key>
		<dict>
			<key>fileEncoding</key>
			<string>4</string>
			<key>isa</key>
			<string>PBXFileReference</string>
			<key>lastKnownFileType</key>
			<string>sourcecode.swift</string>
			<key>path</key>
			<string>NSURLResponse+Error.swift</string>
			<key>sourceTree</key>
			<string>&lt;group&gt;</string>
		</dict>
		<key>5060F49D1AC2AA8600719DF5</key>
		<dict>
			<key>fileRef</key>
			<string>5060F49C1AC2AA8600719DF5</string>
			<key>isa</key>
			<string>PBXBuildFile</string>
		</dict>
		<key>5060F49E1AC2AA9B00719DF5</key>
		<dict>
			<key>children</key>
			<array>
				<string>5060F49F1AC2AA9B00719DF5</string>
			</array>
			<key>isa</key>
			<string>PBXGroup</string>
			<key>name</key>
			<string>Stub Responses</string>
			<key>path</key>
			<string>Stub Responses</string>
			<key>sourceTree</key>
			<string>&lt;group&gt;</string>
		</dict>
		<key>5060F49F1AC2AA9B00719DF5</key>
		<dict>
			<key>fileEncoding</key>
			<string>4</string>
			<key>isa</key>
			<string>PBXFileReference</string>
			<key>lastKnownFileType</key>
			<string>text.json</string>
			<key>path</key>
			<string>Imgur.json</string>
			<key>sourceTree</key>
			<string>&lt;group&gt;</string>
		</dict>
		<key>5060F4A01AC2AA9B00719DF5</key>
		<dict>
			<key>fileRef</key>
			<string>5060F49F1AC2AA9B00719DF5</string>
			<key>isa</key>
			<string>PBXBuildFile</string>
		</dict>
		<key>509461E11ABA6CD900D0E897</key>
		<dict>
			<key>children</key>
			<array>
				<string>509461E21ABA6CD900D0E897</string>
				<string>509461E31ABA6CD900D0E897</string>
				<string>509461E41ABA6CD900D0E897</string>
				<string>509461E51ABA6CD900D0E897</string>
				<string>509461E61ABA6CD900D0E897</string>
				<string>509461EC1ABAE01800D0E897</string>
			</array>
			<key>isa</key>
			<string>PBXGroup</string>
			<key>path</key>
			<string>Cells</string>
			<key>sourceTree</key>
			<string>&lt;group&gt;</string>
		</dict>
		<key>509461E21ABA6CD900D0E897</key>
		<dict>
			<key>fileEncoding</key>
			<string>4</string>
			<key>isa</key>
			<string>PBXFileReference</string>
			<key>lastKnownFileType</key>
			<string>sourcecode.swift</string>
			<key>path</key>
			<string>LabelCell.swift</string>
			<key>sourceTree</key>
			<string>&lt;group&gt;</string>
		</dict>
		<key>509461E31ABA6CD900D0E897</key>
		<dict>
			<key>fileEncoding</key>
			<string>4</string>
			<key>isa</key>
			<string>PBXFileReference</string>
			<key>lastKnownFileType</key>
			<string>sourcecode.swift</string>
			<key>path</key>
			<string>ScreenshotCell.swift</string>
			<key>sourceTree</key>
			<string>&lt;group&gt;</string>
		</dict>
		<key>509461E41ABA6CD900D0E897</key>
		<dict>
			<key>fileEncoding</key>
			<string>4</string>
			<key>isa</key>
			<string>PBXFileReference</string>
			<key>lastKnownFileType</key>
			<string>sourcecode.swift</string>
			<key>path</key>
			<string>ShakedownCell.swift</string>
			<key>sourceTree</key>
			<string>&lt;group&gt;</string>
		</dict>
		<key>509461E51ABA6CD900D0E897</key>
		<dict>
			<key>fileEncoding</key>
			<string>4</string>
			<key>isa</key>
			<string>PBXFileReference</string>
			<key>lastKnownFileType</key>
			<string>sourcecode.swift</string>
			<key>path</key>
			<string>TextFieldCell.swift</string>
			<key>sourceTree</key>
			<string>&lt;group&gt;</string>
		</dict>
		<key>509461E61ABA6CD900D0E897</key>
		<dict>
			<key>fileEncoding</key>
			<string>4</string>
			<key>isa</key>
			<string>PBXFileReference</string>
			<key>lastKnownFileType</key>
			<string>sourcecode.swift</string>
			<key>path</key>
			<string>TextViewCell.swift</string>
			<key>sourceTree</key>
			<string>&lt;group&gt;</string>
		</dict>
		<key>509461E71ABA6CD900D0E897</key>
		<dict>
			<key>fileRef</key>
			<string>509461E21ABA6CD900D0E897</string>
			<key>isa</key>
			<string>PBXBuildFile</string>
		</dict>
		<key>509461E81ABA6CD900D0E897</key>
		<dict>
			<key>fileRef</key>
			<string>509461E31ABA6CD900D0E897</string>
			<key>isa</key>
			<string>PBXBuildFile</string>
		</dict>
		<key>509461E91ABA6CD900D0E897</key>
		<dict>
			<key>fileRef</key>
			<string>509461E41ABA6CD900D0E897</string>
			<key>isa</key>
			<string>PBXBuildFile</string>
		</dict>
		<key>509461EA1ABA6CD900D0E897</key>
		<dict>
			<key>fileRef</key>
			<string>509461E51ABA6CD900D0E897</string>
			<key>isa</key>
			<string>PBXBuildFile</string>
		</dict>
		<key>509461EB1ABA6CD900D0E897</key>
		<dict>
			<key>fileRef</key>
			<string>509461E61ABA6CD900D0E897</string>
			<key>isa</key>
			<string>PBXBuildFile</string>
		</dict>
		<key>509461EC1ABAE01800D0E897</key>
		<dict>
			<key>fileEncoding</key>
			<string>4</string>
			<key>isa</key>
			<string>PBXFileReference</string>
			<key>lastKnownFileType</key>
			<string>sourcecode.swift</string>
			<key>path</key>
			<string>HeaderView.swift</string>
			<key>sourceTree</key>
			<string>&lt;group&gt;</string>
		</dict>
		<key>509461ED1ABAE01800D0E897</key>
		<dict>
			<key>fileRef</key>
			<string>509461EC1ABAE01800D0E897</string>
			<key>isa</key>
			<string>PBXBuildFile</string>
		</dict>
		<key>50B2A2721ABECC6700C7A075</key>
		<dict>
			<key>fileEncoding</key>
			<string>4</string>
			<key>isa</key>
			<string>PBXFileReference</string>
			<key>lastKnownFileType</key>
			<string>sourcecode.c.h</string>
			<key>path</key>
			<string>ObjCViewController.h</string>
			<key>sourceTree</key>
			<string>&lt;group&gt;</string>
		</dict>
		<key>50B2A2731ABECC6700C7A075</key>
		<dict>
			<key>fileEncoding</key>
			<string>4</string>
			<key>isa</key>
			<string>PBXFileReference</string>
			<key>lastKnownFileType</key>
			<string>sourcecode.c.objc</string>
			<key>path</key>
			<string>ObjCViewController.m</string>
			<key>sourceTree</key>
			<string>&lt;group&gt;</string>
		</dict>
		<key>50B2A2741ABECC6700C7A075</key>
		<dict>
			<key>fileRef</key>
			<string>50B2A2731ABECC6700C7A075</string>
			<key>isa</key>
			<string>PBXBuildFile</string>
		</dict>
		<key>50FD43E71ABC1355008B6E71</key>
		<dict>
			<key>fileEncoding</key>
			<string>4</string>
			<key>isa</key>
			<string>PBXFileReference</string>
			<key>lastKnownFileType</key>
			<string>sourcecode.swift</string>
			<key>path</key>
			<string>JIRAReporter.swift</string>
			<key>sourceTree</key>
			<string>&lt;group&gt;</string>
		</dict>
		<key>50FD43E81ABC1355008B6E71</key>
		<dict>
			<key>fileRef</key>
			<string>50FD43E71ABC1355008B6E71</string>
			<key>isa</key>
			<string>PBXBuildFile</string>
		</dict>
		<key>74FBF69B2EE504865794A130</key>
		<dict>
			<key>fileRef</key>
			<string>7DB555E2A7BDBBFB1B2C21C4</string>
			<key>isa</key>
			<string>PBXBuildFile</string>
			<key>settings</key>
			<dict>
				<key>ATTRIBUTES</key>
				<array>
					<string>Weak</string>
				</array>
			</dict>
		</dict>
		<key>780F51A887DC084ED330EB01</key>
		<dict>
			<key>buildActionMask</key>
			<string>2147483647</string>
			<key>files</key>
			<array/>
			<key>inputPaths</key>
			<array/>
			<key>isa</key>
			<string>PBXShellScriptBuildPhase</string>
			<key>name</key>
			<string>Check Pods Manifest.lock</string>
			<key>outputPaths</key>
			<array/>
			<key>runOnlyForDeploymentPostprocessing</key>
			<string>0</string>
			<key>shellPath</key>
			<string>/bin/sh</string>
			<key>shellScript</key>
			<string>diff "${PODS_ROOT}/../Podfile.lock" "${PODS_ROOT}/Manifest.lock" &gt; /dev/null
if [[ $? != 0 ]] ; then
    cat &lt;&lt; EOM
error: The sandbox is not in sync with the Podfile.lock. Run 'pod install' or update your CocoaPods installation.
EOM
    exit 1
fi
</string>
			<key>showEnvVarsInLog</key>
			<string>0</string>
		</dict>
		<key>7DB555E2A7BDBBFB1B2C21C4</key>
		<dict>
			<key>explicitFileType</key>
			<string>wrapper.framework</string>
			<key>includeInIndex</key>
			<string>0</string>
			<key>isa</key>
			<string>PBXFileReference</string>
			<key>path</key>
			<string>Pods_ShakedownSampleTests.framework</string>
			<key>sourceTree</key>
			<string>BUILT_PRODUCTS_DIR</string>
		</dict>
		<key>818079BAD8B4B9FCCA9F6A70</key>
		<dict>
			<key>children</key>
			<array>
				<string>E1AA48FEA7020C322D210F6D</string>
				<string>F7122C9A71F3161C27E4F821</string>
			</array>
			<key>isa</key>
			<string>PBXGroup</string>
			<key>name</key>
			<string>Pods</string>
			<key>sourceTree</key>
			<string>&lt;group&gt;</string>
		</dict>
		<key>E1AA48FEA7020C322D210F6D</key>
		<dict>
			<key>includeInIndex</key>
			<string>1</string>
			<key>isa</key>
			<string>PBXFileReference</string>
			<key>lastKnownFileType</key>
			<string>text.xcconfig</string>
			<key>name</key>
			<string>Pods-ShakedownSampleTests.debug.xcconfig</string>
			<key>path</key>
			<string>Pods/Target Support Files/Pods-ShakedownSampleTests/Pods-ShakedownSampleTests.debug.xcconfig</string>
			<key>sourceTree</key>
			<string>&lt;group&gt;</string>
		</dict>
		<key>F7122C9A71F3161C27E4F821</key>
		<dict>
			<key>includeInIndex</key>
			<string>1</string>
			<key>isa</key>
			<string>PBXFileReference</string>
			<key>lastKnownFileType</key>
			<string>text.xcconfig</string>
			<key>name</key>
			<string>Pods-ShakedownSampleTests.release.xcconfig</string>
			<key>path</key>
			<string>Pods/Target Support Files/Pods-ShakedownSampleTests/Pods-ShakedownSampleTests.release.xcconfig</string>
			<key>sourceTree</key>
			<string>&lt;group&gt;</string>
		</dict>
	</dict>
	<key>rootObject</key>
	<string>503756181AB91B1900F3419B</string>
</dict>
</plist>
