// !$*UTF8*$!
{
	archiveVersion = 1;
	classes = {
	};
	objectVersion = 46;
	objects = {

/* Begin PBXBuildFile section */
		5004FB901AB93C530053A47A /* ShakedownViewController.swift in Sources */ = {isa = PBXBuildFile; fileRef = 5004FB8E1AB93C530053A47A /* ShakedownViewController.swift */; };
		5004FB931AB9485E0053A47A /* Shakedown.storyboard in Resources */ = {isa = PBXBuildFile; fileRef = 5004FB921AB9485E0053A47A /* Shakedown.storyboard */; };
		5004FB971AB94E9B0053A47A /* Shakedown.swift in Sources */ = {isa = PBXBuildFile; fileRef = 5004FB961AB94E9B0053A47A /* Shakedown.swift */; };
		50302A8C1AB926E1006A2C1E /* ImageUploader.swift in Sources */ = {isa = PBXBuildFile; fileRef = 50302A881AB926E1006A2C1E /* ImageUploader.swift */; };
		50302A8D1AB926E1006A2C1E /* ImgurUploader.swift in Sources */ = {isa = PBXBuildFile; fileRef = 50302A891AB926E1006A2C1E /* ImgurUploader.swift */; };
		50302A8E1AB926E1006A2C1E /* LogUploader.swift in Sources */ = {isa = PBXBuildFile; fileRef = 50302A8B1AB926E1006A2C1E /* LogUploader.swift */; };
		50302A901AB926F2006A2C1E /* GistUploader.swift in Sources */ = {isa = PBXBuildFile; fileRef = 50302A8F1AB926F2006A2C1E /* GistUploader.swift */; };
		50302A921AB92C77006A2C1E /* GithubIssuesReporter.swift in Sources */ = {isa = PBXBuildFile; fileRef = 50302A911AB92C77006A2C1E /* GithubIssuesReporter.swift */; };
		50302A941AB92C94006A2C1E /* Reporter.swift in Sources */ = {isa = PBXBuildFile; fileRef = 50302A931AB92C94006A2C1E /* Reporter.swift */; };
		503756261AB91B1900F3419B /* AppDelegate.swift in Sources */ = {isa = PBXBuildFile; fileRef = 503756251AB91B1900F3419B /* AppDelegate.swift */; };
		503756281AB91B1900F3419B /* ViewController.swift in Sources */ = {isa = PBXBuildFile; fileRef = 503756271AB91B1900F3419B /* ViewController.swift */; };
		5037562B1AB91B1900F3419B /* Main.storyboard in Resources */ = {isa = PBXBuildFile; fileRef = 503756291AB91B1900F3419B /* Main.storyboard */; };
		5037562D1AB91B1900F3419B /* Images.xcassets in Resources */ = {isa = PBXBuildFile; fileRef = 5037562C1AB91B1900F3419B /* Images.xcassets */; };
		503756301AB91B1900F3419B /* LaunchScreen.xib in Resources */ = {isa = PBXBuildFile; fileRef = 5037562E1AB91B1900F3419B /* LaunchScreen.xib */; };
		5037563C1AB91B1900F3419B /* ShakedownSampleTests.swift in Sources */ = {isa = PBXBuildFile; fileRef = 5037563B1AB91B1900F3419B /* ShakedownSampleTests.swift */; };
		5037565B1AB91E9A00F3419B /* BugReport.swift in Sources */ = {isa = PBXBuildFile; fileRef = 503756551AB91E9A00F3419B /* BugReport.swift */; };
		509461E71ABA6CD900D0E897 /* LabelCell.swift in Sources */ = {isa = PBXBuildFile; fileRef = 509461E21ABA6CD900D0E897 /* LabelCell.swift */; };
		509461E81ABA6CD900D0E897 /* ScreenshotCell.swift in Sources */ = {isa = PBXBuildFile; fileRef = 509461E31ABA6CD900D0E897 /* ScreenshotCell.swift */; };
		509461E91ABA6CD900D0E897 /* ShakedownCell.swift in Sources */ = {isa = PBXBuildFile; fileRef = 509461E41ABA6CD900D0E897 /* ShakedownCell.swift */; };
		509461EA1ABA6CD900D0E897 /* TextFieldCell.swift in Sources */ = {isa = PBXBuildFile; fileRef = 509461E51ABA6CD900D0E897 /* TextFieldCell.swift */; };
		509461EB1ABA6CD900D0E897 /* TextViewCell.swift in Sources */ = {isa = PBXBuildFile; fileRef = 509461E61ABA6CD900D0E897 /* TextViewCell.swift */; };
/* End PBXBuildFile section */

/* Begin PBXContainerItemProxy section */
		503756361AB91B1900F3419B /* PBXContainerItemProxy */ = {
			isa = PBXContainerItemProxy;
			containerPortal = 503756181AB91B1900F3419B /* Project object */;
			proxyType = 1;
			remoteGlobalIDString = 5037561F1AB91B1900F3419B;
			remoteInfo = ShakedownSample;
		};
/* End PBXContainerItemProxy section */

/* Begin PBXFileReference section */
		5004FB8E1AB93C530053A47A /* ShakedownViewController.swift */ = {isa = PBXFileReference; fileEncoding = 4; lastKnownFileType = sourcecode.swift; path = ShakedownViewController.swift; sourceTree = "<group>"; };
		5004FB921AB9485E0053A47A /* Shakedown.storyboard */ = {isa = PBXFileReference; fileEncoding = 4; lastKnownFileType = file.storyboard; path = Shakedown.storyboard; sourceTree = "<group>"; };
		5004FB961AB94E9B0053A47A /* Shakedown.swift */ = {isa = PBXFileReference; fileEncoding = 4; lastKnownFileType = sourcecode.swift; path = Shakedown.swift; sourceTree = "<group>"; };
		50302A881AB926E1006A2C1E /* ImageUploader.swift */ = {isa = PBXFileReference; fileEncoding = 4; lastKnownFileType = sourcecode.swift; path = ImageUploader.swift; sourceTree = "<group>"; };
		50302A891AB926E1006A2C1E /* ImgurUploader.swift */ = {isa = PBXFileReference; fileEncoding = 4; lastKnownFileType = sourcecode.swift; path = ImgurUploader.swift; sourceTree = "<group>"; };
		50302A8B1AB926E1006A2C1E /* LogUploader.swift */ = {isa = PBXFileReference; fileEncoding = 4; lastKnownFileType = sourcecode.swift; path = LogUploader.swift; sourceTree = "<group>"; };
		50302A8F1AB926F2006A2C1E /* GistUploader.swift */ = {isa = PBXFileReference; fileEncoding = 4; lastKnownFileType = sourcecode.swift; path = GistUploader.swift; sourceTree = "<group>"; };
		50302A911AB92C77006A2C1E /* GithubIssuesReporter.swift */ = {isa = PBXFileReference; fileEncoding = 4; lastKnownFileType = sourcecode.swift; path = GithubIssuesReporter.swift; sourceTree = "<group>"; };
		50302A931AB92C94006A2C1E /* Reporter.swift */ = {isa = PBXFileReference; fileEncoding = 4; lastKnownFileType = sourcecode.swift; path = Reporter.swift; sourceTree = "<group>"; };
		503756201AB91B1900F3419B /* ShakedownSample.app */ = {isa = PBXFileReference; explicitFileType = wrapper.application; includeInIndex = 0; path = ShakedownSample.app; sourceTree = BUILT_PRODUCTS_DIR; };
		503756241AB91B1900F3419B /* Info.plist */ = {isa = PBXFileReference; lastKnownFileType = text.plist.xml; path = Info.plist; sourceTree = "<group>"; };
		503756251AB91B1900F3419B /* AppDelegate.swift */ = {isa = PBXFileReference; lastKnownFileType = sourcecode.swift; path = AppDelegate.swift; sourceTree = "<group>"; };
		503756271AB91B1900F3419B /* ViewController.swift */ = {isa = PBXFileReference; lastKnownFileType = sourcecode.swift; path = ViewController.swift; sourceTree = "<group>"; };
		5037562A1AB91B1900F3419B /* Base */ = {isa = PBXFileReference; lastKnownFileType = file.storyboard; name = Base; path = Base.lproj/Main.storyboard; sourceTree = "<group>"; };
		5037562C1AB91B1900F3419B /* Images.xcassets */ = {isa = PBXFileReference; lastKnownFileType = folder.assetcatalog; path = Images.xcassets; sourceTree = "<group>"; };
		5037562F1AB91B1900F3419B /* Base */ = {isa = PBXFileReference; lastKnownFileType = file.xib; name = Base; path = Base.lproj/LaunchScreen.xib; sourceTree = "<group>"; };
		503756351AB91B1900F3419B /* ShakedownSampleTests.xctest */ = {isa = PBXFileReference; explicitFileType = wrapper.cfbundle; includeInIndex = 0; path = ShakedownSampleTests.xctest; sourceTree = BUILT_PRODUCTS_DIR; };
		5037563A1AB91B1900F3419B /* Info.plist */ = {isa = PBXFileReference; lastKnownFileType = text.plist.xml; path = Info.plist; sourceTree = "<group>"; };
		5037563B1AB91B1900F3419B /* ShakedownSampleTests.swift */ = {isa = PBXFileReference; lastKnownFileType = sourcecode.swift; path = ShakedownSampleTests.swift; sourceTree = "<group>"; };
		503756551AB91E9A00F3419B /* BugReport.swift */ = {isa = PBXFileReference; fileEncoding = 4; lastKnownFileType = sourcecode.swift; path = BugReport.swift; sourceTree = "<group>"; };
		509461E21ABA6CD900D0E897 /* LabelCell.swift */ = {isa = PBXFileReference; fileEncoding = 4; lastKnownFileType = sourcecode.swift; path = LabelCell.swift; sourceTree = "<group>"; };
		509461E31ABA6CD900D0E897 /* ScreenshotCell.swift */ = {isa = PBXFileReference; fileEncoding = 4; lastKnownFileType = sourcecode.swift; path = ScreenshotCell.swift; sourceTree = "<group>"; };
		509461E41ABA6CD900D0E897 /* ShakedownCell.swift */ = {isa = PBXFileReference; fileEncoding = 4; lastKnownFileType = sourcecode.swift; path = ShakedownCell.swift; sourceTree = "<group>"; };
		509461E51ABA6CD900D0E897 /* TextFieldCell.swift */ = {isa = PBXFileReference; fileEncoding = 4; lastKnownFileType = sourcecode.swift; path = TextFieldCell.swift; sourceTree = "<group>"; };
		509461E61ABA6CD900D0E897 /* TextViewCell.swift */ = {isa = PBXFileReference; fileEncoding = 4; lastKnownFileType = sourcecode.swift; path = TextViewCell.swift; sourceTree = "<group>"; };
/* End PBXFileReference section */

/* Begin PBXFrameworksBuildPhase section */
		5037561D1AB91B1900F3419B /* Frameworks */ = {
			isa = PBXFrameworksBuildPhase;
			buildActionMask = 2147483647;
			files = (
			);
			runOnlyForDeploymentPostprocessing = 0;
		};
		503756321AB91B1900F3419B /* Frameworks */ = {
			isa = PBXFrameworksBuildPhase;
			buildActionMask = 2147483647;
			files = (
			);
			runOnlyForDeploymentPostprocessing = 0;
		};
/* End PBXFrameworksBuildPhase section */

/* Begin PBXGroup section */
		5004FB8D1AB93C4B0053A47A /* UI */ = {
			isa = PBXGroup;
			children = (
				5004FB8E1AB93C530053A47A /* ShakedownViewController.swift */,
				509461E11ABA6CD900D0E897 /* Cells */,
				5004FB921AB9485E0053A47A /* Shakedown.storyboard */,
			);
			path = UI;
			sourceTree = "<group>";
		};
		50302A871AB926E1006A2C1E /* Image Uploaders */ = {
			isa = PBXGroup;
			children = (
				50302A881AB926E1006A2C1E /* ImageUploader.swift */,
				50302A891AB926E1006A2C1E /* ImgurUploader.swift */,
			);
			path = "Image Uploaders";
			sourceTree = "<group>";
		};
		50302A8A1AB926E1006A2C1E /* Log Uploaders */ = {
			isa = PBXGroup;
			children = (
				50302A8B1AB926E1006A2C1E /* LogUploader.swift */,
				50302A8F1AB926F2006A2C1E /* GistUploader.swift */,
			);
			path = "Log Uploaders";
			sourceTree = "<group>";
		};
		503756171AB91B1900F3419B = {
			isa = PBXGroup;
			children = (
				5037564F1AB91E9A00F3419B /* Shakedown */,
				503756221AB91B1900F3419B /* ShakedownSample */,
				503756381AB91B1900F3419B /* ShakedownSampleTests */,
				503756211AB91B1900F3419B /* Products */,
			);
			sourceTree = "<group>";
		};
		503756211AB91B1900F3419B /* Products */ = {
			isa = PBXGroup;
			children = (
				503756201AB91B1900F3419B /* ShakedownSample.app */,
				503756351AB91B1900F3419B /* ShakedownSampleTests.xctest */,
			);
			name = Products;
			sourceTree = "<group>";
		};
		503756221AB91B1900F3419B /* ShakedownSample */ = {
			isa = PBXGroup;
			children = (
				503756251AB91B1900F3419B /* AppDelegate.swift */,
				503756271AB91B1900F3419B /* ViewController.swift */,
				503756291AB91B1900F3419B /* Main.storyboard */,
				5037562C1AB91B1900F3419B /* Images.xcassets */,
				5037562E1AB91B1900F3419B /* LaunchScreen.xib */,
				503756231AB91B1900F3419B /* Supporting Files */,
			);
			path = ShakedownSample;
			sourceTree = "<group>";
		};
		503756231AB91B1900F3419B /* Supporting Files */ = {
			isa = PBXGroup;
			children = (
				503756241AB91B1900F3419B /* Info.plist */,
			);
			name = "Supporting Files";
			sourceTree = "<group>";
		};
		503756381AB91B1900F3419B /* ShakedownSampleTests */ = {
			isa = PBXGroup;
			children = (
				5037563B1AB91B1900F3419B /* ShakedownSampleTests.swift */,
				503756391AB91B1900F3419B /* Supporting Files */,
			);
			path = ShakedownSampleTests;
			sourceTree = "<group>";
		};
		503756391AB91B1900F3419B /* Supporting Files */ = {
			isa = PBXGroup;
			children = (
				5037563A1AB91B1900F3419B /* Info.plist */,
			);
			name = "Supporting Files";
			sourceTree = "<group>";
		};
		5037564F1AB91E9A00F3419B /* Shakedown */ = {
			isa = PBXGroup;
			children = (
				5004FB961AB94E9B0053A47A /* Shakedown.swift */,
				503756501AB91E9A00F3419B /* File Uploaders */,
				503756541AB91E9A00F3419B /* Models */,
				503756561AB91E9A00F3419B /* Reporters */,
				5004FB8D1AB93C4B0053A47A /* UI */,
			);
			path = Shakedown;
			sourceTree = "<group>";
		};
		503756501AB91E9A00F3419B /* File Uploaders */ = {
			isa = PBXGroup;
			children = (
				50302A871AB926E1006A2C1E /* Image Uploaders */,
				50302A8A1AB926E1006A2C1E /* Log Uploaders */,
			);
			path = "File Uploaders";
			sourceTree = "<group>";
		};
		503756541AB91E9A00F3419B /* Models */ = {
			isa = PBXGroup;
			children = (
				503756551AB91E9A00F3419B /* BugReport.swift */,
			);
			path = Models;
			sourceTree = "<group>";
		};
		503756561AB91E9A00F3419B /* Reporters */ = {
			isa = PBXGroup;
			children = (
				50302A911AB92C77006A2C1E /* GithubIssuesReporter.swift */,
				50302A931AB92C94006A2C1E /* Reporter.swift */,
			);
			path = Reporters;
			sourceTree = "<group>";
		};
		509461E11ABA6CD900D0E897 /* Cells */ = {
			isa = PBXGroup;
			children = (
				509461E21ABA6CD900D0E897 /* LabelCell.swift */,
				509461E31ABA6CD900D0E897 /* ScreenshotCell.swift */,
				509461E41ABA6CD900D0E897 /* ShakedownCell.swift */,
				509461E51ABA6CD900D0E897 /* TextFieldCell.swift */,
				509461E61ABA6CD900D0E897 /* TextViewCell.swift */,
			);
			path = Cells;
			sourceTree = "<group>";
		};
/* End PBXGroup section */

/* Begin PBXNativeTarget section */
		5037561F1AB91B1900F3419B /* ShakedownSample */ = {
			isa = PBXNativeTarget;
			buildConfigurationList = 5037563F1AB91B1900F3419B /* Build configuration list for PBXNativeTarget "ShakedownSample" */;
			buildPhases = (
				5037561C1AB91B1900F3419B /* Sources */,
				5037561D1AB91B1900F3419B /* Frameworks */,
				5037561E1AB91B1900F3419B /* Resources */,
			);
			buildRules = (
			);
			dependencies = (
			);
			name = ShakedownSample;
			productName = ShakedownSample;
			productReference = 503756201AB91B1900F3419B /* ShakedownSample.app */;
			productType = "com.apple.product-type.application";
		};
		503756341AB91B1900F3419B /* ShakedownSampleTests */ = {
			isa = PBXNativeTarget;
			buildConfigurationList = 503756421AB91B1900F3419B /* Build configuration list for PBXNativeTarget "ShakedownSampleTests" */;
			buildPhases = (
				503756311AB91B1900F3419B /* Sources */,
				503756321AB91B1900F3419B /* Frameworks */,
				503756331AB91B1900F3419B /* Resources */,
			);
			buildRules = (
			);
			dependencies = (
				503756371AB91B1900F3419B /* PBXTargetDependency */,
			);
			name = ShakedownSampleTests;
			productName = ShakedownSampleTests;
			productReference = 503756351AB91B1900F3419B /* ShakedownSampleTests.xctest */;
			productType = "com.apple.product-type.bundle.unit-test";
		};
/* End PBXNativeTarget section */

/* Begin PBXProject section */
		503756181AB91B1900F3419B /* Project object */ = {
			isa = PBXProject;
			attributes = {
				LastUpgradeCheck = 0620;
				ORGANIZATIONNAME = "Max Goedjen";
				TargetAttributes = {
					5037561F1AB91B1900F3419B = {
						CreatedOnToolsVersion = 6.2;
					};
					503756341AB91B1900F3419B = {
						CreatedOnToolsVersion = 6.2;
						TestTargetID = 5037561F1AB91B1900F3419B;
					};
				};
			};
			buildConfigurationList = 5037561B1AB91B1900F3419B /* Build configuration list for PBXProject "ShakedownSample" */;
			compatibilityVersion = "Xcode 3.2";
			developmentRegion = English;
			hasScannedForEncodings = 0;
			knownRegions = (
				en,
				Base,
			);
			mainGroup = 503756171AB91B1900F3419B;
			productRefGroup = 503756211AB91B1900F3419B /* Products */;
			projectDirPath = "";
			projectRoot = "";
			targets = (
				5037561F1AB91B1900F3419B /* ShakedownSample */,
				503756341AB91B1900F3419B /* ShakedownSampleTests */,
			);
		};
/* End PBXProject section */

/* Begin PBXResourcesBuildPhase section */
		5037561E1AB91B1900F3419B /* Resources */ = {
			isa = PBXResourcesBuildPhase;
			buildActionMask = 2147483647;
			files = (
				5037562B1AB91B1900F3419B /* Main.storyboard in Resources */,
				503756301AB91B1900F3419B /* LaunchScreen.xib in Resources */,
				5037562D1AB91B1900F3419B /* Images.xcassets in Resources */,
				5004FB931AB9485E0053A47A /* Shakedown.storyboard in Resources */,
			);
			runOnlyForDeploymentPostprocessing = 0;
		};
		503756331AB91B1900F3419B /* Resources */ = {
			isa = PBXResourcesBuildPhase;
			buildActionMask = 2147483647;
			files = (
			);
			runOnlyForDeploymentPostprocessing = 0;
		};
/* End PBXResourcesBuildPhase section */

/* Begin PBXSourcesBuildPhase section */
		5037561C1AB91B1900F3419B /* Sources */ = {
			isa = PBXSourcesBuildPhase;
			buildActionMask = 2147483647;
			files = (
				5037565B1AB91E9A00F3419B /* BugReport.swift in Sources */,
				50302A8C1AB926E1006A2C1E /* ImageUploader.swift in Sources */,
				50302A8E1AB926E1006A2C1E /* LogUploader.swift in Sources */,
				50302A8D1AB926E1006A2C1E /* ImgurUploader.swift in Sources */,
				509461E91ABA6CD900D0E897 /* ShakedownCell.swift in Sources */,
				509461EB1ABA6CD900D0E897 /* TextViewCell.swift in Sources */,
				5004FB971AB94E9B0053A47A /* Shakedown.swift in Sources */,
				503756281AB91B1900F3419B /* ViewController.swift in Sources */,
				503756261AB91B1900F3419B /* AppDelegate.swift in Sources */,
				50302A901AB926F2006A2C1E /* GistUploader.swift in Sources */,
				50302A941AB92C94006A2C1E /* Reporter.swift in Sources */,
				50302A921AB92C77006A2C1E /* GithubIssuesReporter.swift in Sources */,
				509461E81ABA6CD900D0E897 /* ScreenshotCell.swift in Sources */,
				5004FB901AB93C530053A47A /* ShakedownViewController.swift in Sources */,
				509461E71ABA6CD900D0E897 /* LabelCell.swift in Sources */,
				509461EA1ABA6CD900D0E897 /* TextFieldCell.swift in Sources */,
			);
			runOnlyForDeploymentPostprocessing = 0;
		};
		503756311AB91B1900F3419B /* Sources */ = {
			isa = PBXSourcesBuildPhase;
			buildActionMask = 2147483647;
			files = (
				5037563C1AB91B1900F3419B /* ShakedownSampleTests.swift in Sources */,
			);
			runOnlyForDeploymentPostprocessing = 0;
		};
/* End PBXSourcesBuildPhase section */

/* Begin PBXTargetDependency section */
		503756371AB91B1900F3419B /* PBXTargetDependency */ = {
			isa = PBXTargetDependency;
			target = 5037561F1AB91B1900F3419B /* ShakedownSample */;
			targetProxy = 503756361AB91B1900F3419B /* PBXContainerItemProxy */;
		};
/* End PBXTargetDependency section */

/* Begin PBXVariantGroup section */
		503756291AB91B1900F3419B /* Main.storyboard */ = {
			isa = PBXVariantGroup;
			children = (
				5037562A1AB91B1900F3419B /* Base */,
			);
			name = Main.storyboard;
			sourceTree = "<group>";
		};
		5037562E1AB91B1900F3419B /* LaunchScreen.xib */ = {
			isa = PBXVariantGroup;
			children = (
				5037562F1AB91B1900F3419B /* Base */,
			);
			name = LaunchScreen.xib;
			sourceTree = "<group>";
		};
/* End PBXVariantGroup section */

/* Begin XCBuildConfiguration section */
		5037563D1AB91B1900F3419B /* Debug */ = {
			isa = XCBuildConfiguration;
			buildSettings = {
				ALWAYS_SEARCH_USER_PATHS = NO;
				CLANG_CXX_LANGUAGE_STANDARD = "gnu++0x";
				CLANG_CXX_LIBRARY = "libc++";
				CLANG_ENABLE_MODULES = YES;
				CLANG_ENABLE_OBJC_ARC = YES;
				CLANG_WARN_BOOL_CONVERSION = YES;
				CLANG_WARN_CONSTANT_CONVERSION = YES;
				CLANG_WARN_DIRECT_OBJC_ISA_USAGE = YES_ERROR;
				CLANG_WARN_EMPTY_BODY = YES;
				CLANG_WARN_ENUM_CONVERSION = YES;
				CLANG_WARN_INT_CONVERSION = YES;
				CLANG_WARN_OBJC_ROOT_CLASS = YES_ERROR;
				CLANG_WARN_UNREACHABLE_CODE = YES;
				CLANG_WARN__DUPLICATE_METHOD_MATCH = YES;
				"CODE_SIGN_IDENTITY[sdk=iphoneos*]" = "iPhone Developer";
				COPY_PHASE_STRIP = NO;
				ENABLE_STRICT_OBJC_MSGSEND = YES;
				GCC_C_LANGUAGE_STANDARD = gnu99;
				GCC_DYNAMIC_NO_PIC = NO;
				GCC_OPTIMIZATION_LEVEL = 0;
				GCC_PREPROCESSOR_DEFINITIONS = (
					"DEBUG=1",
					"$(inherited)",
				);
				GCC_SYMBOLS_PRIVATE_EXTERN = NO;
				GCC_WARN_64_TO_32_BIT_CONVERSION = YES;
				GCC_WARN_ABOUT_RETURN_TYPE = YES_ERROR;
				GCC_WARN_UNDECLARED_SELECTOR = YES;
				GCC_WARN_UNINITIALIZED_AUTOS = YES_AGGRESSIVE;
				GCC_WARN_UNUSED_FUNCTION = YES;
				GCC_WARN_UNUSED_VARIABLE = YES;
				IPHONEOS_DEPLOYMENT_TARGET = 8.2;
				MTL_ENABLE_DEBUG_INFO = YES;
				ONLY_ACTIVE_ARCH = YES;
				SDKROOT = iphoneos;
				SWIFT_OPTIMIZATION_LEVEL = "-Onone";
				TARGETED_DEVICE_FAMILY = "1,2";
			};
			name = Debug;
		};
		5037563E1AB91B1900F3419B /* Release */ = {
			isa = XCBuildConfiguration;
			buildSettings = {
				ALWAYS_SEARCH_USER_PATHS = NO;
				CLANG_CXX_LANGUAGE_STANDARD = "gnu++0x";
				CLANG_CXX_LIBRARY = "libc++";
				CLANG_ENABLE_MODULES = YES;
				CLANG_ENABLE_OBJC_ARC = YES;
				CLANG_WARN_BOOL_CONVERSION = YES;
				CLANG_WARN_CONSTANT_CONVERSION = YES;
				CLANG_WARN_DIRECT_OBJC_ISA_USAGE = YES_ERROR;
				CLANG_WARN_EMPTY_BODY = YES;
				CLANG_WARN_ENUM_CONVERSION = YES;
				CLANG_WARN_INT_CONVERSION = YES;
				CLANG_WARN_OBJC_ROOT_CLASS = YES_ERROR;
				CLANG_WARN_UNREACHABLE_CODE = YES;
				CLANG_WARN__DUPLICATE_METHOD_MATCH = YES;
				"CODE_SIGN_IDENTITY[sdk=iphoneos*]" = "iPhone Developer";
				COPY_PHASE_STRIP = NO;
				ENABLE_NS_ASSERTIONS = NO;
				ENABLE_STRICT_OBJC_MSGSEND = YES;
				GCC_C_LANGUAGE_STANDARD = gnu99;
				GCC_WARN_64_TO_32_BIT_CONVERSION = YES;
				GCC_WARN_ABOUT_RETURN_TYPE = YES_ERROR;
				GCC_WARN_UNDECLARED_SELECTOR = YES;
				GCC_WARN_UNINITIALIZED_AUTOS = YES_AGGRESSIVE;
				GCC_WARN_UNUSED_FUNCTION = YES;
				GCC_WARN_UNUSED_VARIABLE = YES;
				IPHONEOS_DEPLOYMENT_TARGET = 8.2;
				MTL_ENABLE_DEBUG_INFO = NO;
				SDKROOT = iphoneos;
				TARGETED_DEVICE_FAMILY = "1,2";
				VALIDATE_PRODUCT = YES;
			};
			name = Release;
		};
		503756401AB91B1900F3419B /* Debug */ = {
			isa = XCBuildConfiguration;
			buildSettings = {
				ASSETCATALOG_COMPILER_APPICON_NAME = AppIcon;
				INFOPLIST_FILE = ShakedownSample/Info.plist;
				LD_RUNPATH_SEARCH_PATHS = "$(inherited) @executable_path/Frameworks";
				PRODUCT_NAME = "$(TARGET_NAME)";
			};
			name = Debug;
		};
		503756411AB91B1900F3419B /* Release */ = {
			isa = XCBuildConfiguration;
			buildSettings = {
				ASSETCATALOG_COMPILER_APPICON_NAME = AppIcon;
				INFOPLIST_FILE = ShakedownSample/Info.plist;
				LD_RUNPATH_SEARCH_PATHS = "$(inherited) @executable_path/Frameworks";
				PRODUCT_NAME = "$(TARGET_NAME)";
			};
			name = Release;
		};
		503756431AB91B1900F3419B /* Debug */ = {
			isa = XCBuildConfiguration;
			buildSettings = {
				BUNDLE_LOADER = "$(TEST_HOST)";
				FRAMEWORK_SEARCH_PATHS = (
					"$(SDKROOT)/Developer/Library/Frameworks",
					"$(inherited)",
				);
				GCC_PREPROCESSOR_DEFINITIONS = (
					"DEBUG=1",
					"$(inherited)",
				);
				INFOPLIST_FILE = ShakedownSampleTests/Info.plist;
				LD_RUNPATH_SEARCH_PATHS = "$(inherited) @executable_path/Frameworks @loader_path/Frameworks";
				PRODUCT_NAME = "$(TARGET_NAME)";
				TEST_HOST = "$(BUILT_PRODUCTS_DIR)/ShakedownSample.app/ShakedownSample";
			};
			name = Debug;
		};
		503756441AB91B1900F3419B /* Release */ = {
			isa = XCBuildConfiguration;
			buildSettings = {
				BUNDLE_LOADER = "$(TEST_HOST)";
				FRAMEWORK_SEARCH_PATHS = (
					"$(SDKROOT)/Developer/Library/Frameworks",
					"$(inherited)",
				);
				INFOPLIST_FILE = ShakedownSampleTests/Info.plist;
				LD_RUNPATH_SEARCH_PATHS = "$(inherited) @executable_path/Frameworks @loader_path/Frameworks";
				PRODUCT_NAME = "$(TARGET_NAME)";
				TEST_HOST = "$(BUILT_PRODUCTS_DIR)/ShakedownSample.app/ShakedownSample";
			};
			name = Release;
		};
/* End XCBuildConfiguration section */

/* Begin XCConfigurationList section */
		5037561B1AB91B1900F3419B /* Build configuration list for PBXProject "ShakedownSample" */ = {
			isa = XCConfigurationList;
			buildConfigurations = (
				5037563D1AB91B1900F3419B /* Debug */,
				5037563E1AB91B1900F3419B /* Release */,
			);
			defaultConfigurationIsVisible = 0;
			defaultConfigurationName = Release;
		};
		5037563F1AB91B1900F3419B /* Build configuration list for PBXNativeTarget "ShakedownSample" */ = {
			isa = XCConfigurationList;
			buildConfigurations = (
				503756401AB91B1900F3419B /* Debug */,
				503756411AB91B1900F3419B /* Release */,
			);
			defaultConfigurationIsVisible = 0;
			defaultConfigurationName = Release;
		};
		503756421AB91B1900F3419B /* Build configuration list for PBXNativeTarget "ShakedownSampleTests" */ = {
			isa = XCConfigurationList;
			buildConfigurations = (
				503756431AB91B1900F3419B /* Debug */,
				503756441AB91B1900F3419B /* Release */,
			);
			defaultConfigurationIsVisible = 0;
			defaultConfigurationName = Release;
		};
/* End XCConfigurationList section */
	};
	rootObject = 503756181AB91B1900F3419B /* Project object */;
}
