// !$*UTF8*$!
{
	archiveVersion = 1;
	classes = {
	};
	objectVersion = 46;
	objects = {

/* Begin PBXBuildFile section */
		503756261AB91B1900F3419B /* AppDelegate.swift in Sources */ = {isa = PBXBuildFile; fileRef = 503756251AB91B1900F3419B /* AppDelegate.swift */; };
		503756281AB91B1900F3419B /* ViewController.swift in Sources */ = {isa = PBXBuildFile; fileRef = 503756271AB91B1900F3419B /* ViewController.swift */; };
		5037562B1AB91B1900F3419B /* Main.storyboard in Resources */ = {isa = PBXBuildFile; fileRef = 503756291AB91B1900F3419B /* Main.storyboard */; };
		5037562D1AB91B1900F3419B /* Images.xcassets in Resources */ = {isa = PBXBuildFile; fileRef = 5037562C1AB91B1900F3419B /* Images.xcassets */; };
		503756301AB91B1900F3419B /* LaunchScreen.xib in Resources */ = {isa = PBXBuildFile; fileRef = 5037562E1AB91B1900F3419B /* LaunchScreen.xib */; };
		50B2A2741ABECC6700C7A075 /* ObjCViewController.m in Sources */ = {isa = PBXBuildFile; fileRef = 50B2A2731ABECC6700C7A075 /* ObjCViewController.m */; };
		50BD7B8E1AD1062F005292C1 /* MapKit.framework in Frameworks */ = {isa = PBXBuildFile; fileRef = 50BD7B8D1AD1062F005292C1 /* MapKit.framework */; };
		50F901D11BB266F200864FE2 /* Shakedown.framework in Frameworks */ = {isa = PBXBuildFile; fileRef = 50F901D01BB266F200864FE2 /* Shakedown.framework */; };
		50F902051BB4F41300864FE2 /* ShakedownUITests.swift in Sources */ = {isa = PBXBuildFile; fileRef = 50F902041BB4F41300864FE2 /* ShakedownUITests.swift */; };
/* End PBXBuildFile section */

/* Begin PBXContainerItemProxy section */
		50F902071BB4F41300864FE2 /* PBXContainerItemProxy */ = {
			isa = PBXContainerItemProxy;
			containerPortal = 503756181AB91B1900F3419B /* Project object */;
			proxyType = 1;
			remoteGlobalIDString = 5037561F1AB91B1900F3419B;
			remoteInfo = ShakedownSample;
		};
/* End PBXContainerItemProxy section */

/* Begin PBXCopyFilesBuildPhase section */
		50F9020E1BB4F46900864FE2 /* CopyFiles */ = {
			isa = PBXCopyFilesBuildPhase;
			buildActionMask = 2147483647;
			dstPath = "";
			dstSubfolderSpec = 10;
			files = (
			);
			runOnlyForDeploymentPostprocessing = 0;
		};
/* End PBXCopyFilesBuildPhase section */

/* Begin PBXFileReference section */
		50114B081ABECB950077AA92 /* ShakedownSample-Bridging-Header.h */ = {isa = PBXFileReference; lastKnownFileType = sourcecode.c.h; path = "ShakedownSample-Bridging-Header.h"; sourceTree = "<group>"; };
		503756201AB91B1900F3419B /* ShakedownSample.app */ = {isa = PBXFileReference; explicitFileType = wrapper.application; includeInIndex = 0; path = ShakedownSample.app; sourceTree = BUILT_PRODUCTS_DIR; };
		503756241AB91B1900F3419B /* Info.plist */ = {isa = PBXFileReference; lastKnownFileType = text.plist.xml; path = Info.plist; sourceTree = "<group>"; };
		503756251AB91B1900F3419B /* AppDelegate.swift */ = {isa = PBXFileReference; lastKnownFileType = sourcecode.swift; path = AppDelegate.swift; sourceTree = "<group>"; };
		503756271AB91B1900F3419B /* ViewController.swift */ = {isa = PBXFileReference; lastKnownFileType = sourcecode.swift; path = ViewController.swift; sourceTree = "<group>"; };
		5037562A1AB91B1900F3419B /* Base */ = {isa = PBXFileReference; lastKnownFileType = file.storyboard; name = Base; path = Base.lproj/Main.storyboard; sourceTree = "<group>"; };
		5037562C1AB91B1900F3419B /* Images.xcassets */ = {isa = PBXFileReference; lastKnownFileType = folder.assetcatalog; path = Images.xcassets; sourceTree = "<group>"; };
		5037562F1AB91B1900F3419B /* Base */ = {isa = PBXFileReference; lastKnownFileType = file.xib; name = Base; path = Base.lproj/LaunchScreen.xib; sourceTree = "<group>"; };
		50B2A2721ABECC6700C7A075 /* ObjCViewController.h */ = {isa = PBXFileReference; fileEncoding = 4; lastKnownFileType = sourcecode.c.h; path = ObjCViewController.h; sourceTree = "<group>"; };
		50B2A2731ABECC6700C7A075 /* ObjCViewController.m */ = {isa = PBXFileReference; fileEncoding = 4; lastKnownFileType = sourcecode.c.objc; path = ObjCViewController.m; sourceTree = "<group>"; };
		50BD7B8D1AD1062F005292C1 /* MapKit.framework */ = {isa = PBXFileReference; lastKnownFileType = wrapper.framework; name = MapKit.framework; path = System/Library/Frameworks/MapKit.framework; sourceTree = SDKROOT; };
		50F901D01BB266F200864FE2 /* Shakedown.framework */ = {isa = PBXFileReference; lastKnownFileType = wrapper.framework; name = Shakedown.framework; path = "build/Debug-iphoneos/Shakedown.framework"; sourceTree = "<group>"; };
		50F902021BB4F41300864FE2 /* ShakedownUITests.xctest */ = {isa = PBXFileReference; explicitFileType = wrapper.cfbundle; includeInIndex = 0; path = ShakedownUITests.xctest; sourceTree = BUILT_PRODUCTS_DIR; };
		50F902041BB4F41300864FE2 /* ShakedownUITests.swift */ = {isa = PBXFileReference; lastKnownFileType = sourcecode.swift; path = ShakedownUITests.swift; sourceTree = "<group>"; };
		50F902061BB4F41300864FE2 /* Info.plist */ = {isa = PBXFileReference; lastKnownFileType = text.plist.xml; path = Info.plist; sourceTree = "<group>"; };
		E1AA48FEA7020C322D210F6D /* Pods-ShakedownSampleTests.debug.xcconfig */ = {isa = PBXFileReference; includeInIndex = 1; lastKnownFileType = text.xcconfig; name = "Pods-ShakedownSampleTests.debug.xcconfig"; path = "Pods/Target Support Files/Pods-ShakedownSampleTests/Pods-ShakedownSampleTests.debug.xcconfig"; sourceTree = "<group>"; };
		F7122C9A71F3161C27E4F821 /* Pods-ShakedownSampleTests.release.xcconfig */ = {isa = PBXFileReference; includeInIndex = 1; lastKnownFileType = text.xcconfig; name = "Pods-ShakedownSampleTests.release.xcconfig"; path = "Pods/Target Support Files/Pods-ShakedownSampleTests/Pods-ShakedownSampleTests.release.xcconfig"; sourceTree = "<group>"; };
/* End PBXFileReference section */

/* Begin PBXFrameworksBuildPhase section */
		5037561D1AB91B1900F3419B /* Frameworks */ = {
			isa = PBXFrameworksBuildPhase;
			buildActionMask = 2147483647;
			files = (
				50F901D11BB266F200864FE2 /* Shakedown.framework in Frameworks */,
				50BD7B8E1AD1062F005292C1 /* MapKit.framework in Frameworks */,
			);
			runOnlyForDeploymentPostprocessing = 0;
		};
		50F901FF1BB4F41300864FE2 /* Frameworks */ = {
			isa = PBXFrameworksBuildPhase;
			buildActionMask = 2147483647;
			files = (
			);
			runOnlyForDeploymentPostprocessing = 0;
		};
/* End PBXFrameworksBuildPhase section */

/* Begin PBXGroup section */
		0AD7D0031BD60A3E38BDD117 /* Frameworks */ = {
			isa = PBXGroup;
			children = (
				50F901D01BB266F200864FE2 /* Shakedown.framework */,
				50BD7B8D1AD1062F005292C1 /* MapKit.framework */,
			);
			name = Frameworks;
			sourceTree = "<group>";
		};
		503756171AB91B1900F3419B = {
			isa = PBXGroup;
			children = (
				503756221AB91B1900F3419B /* ShakedownSample */,
				50F902031BB4F41300864FE2 /* ShakedownUITests */,
				503756211AB91B1900F3419B /* Products */,
				818079BAD8B4B9FCCA9F6A70 /* Pods */,
				0AD7D0031BD60A3E38BDD117 /* Frameworks */,
			);
			sourceTree = "<group>";
		};
		503756211AB91B1900F3419B /* Products */ = {
			isa = PBXGroup;
			children = (
				503756201AB91B1900F3419B /* ShakedownSample.app */,
				50F902021BB4F41300864FE2 /* ShakedownUITests.xctest */,
			);
			name = Products;
			sourceTree = "<group>";
		};
		503756221AB91B1900F3419B /* ShakedownSample */ = {
			isa = PBXGroup;
			children = (
				503756251AB91B1900F3419B /* AppDelegate.swift */,
				503756271AB91B1900F3419B /* ViewController.swift */,
				50B2A2721ABECC6700C7A075 /* ObjCViewController.h */,
				50B2A2731ABECC6700C7A075 /* ObjCViewController.m */,
				503756291AB91B1900F3419B /* Main.storyboard */,
				5037562C1AB91B1900F3419B /* Images.xcassets */,
				5037562E1AB91B1900F3419B /* LaunchScreen.xib */,
				503756231AB91B1900F3419B /* Supporting Files */,
				50114B081ABECB950077AA92 /* ShakedownSample-Bridging-Header.h */,
			);
			path = ShakedownSample;
			sourceTree = "<group>";
		};
		503756231AB91B1900F3419B /* Supporting Files */ = {
			isa = PBXGroup;
			children = (
				503756241AB91B1900F3419B /* Info.plist */,
			);
			path = "Supporting Files";
			sourceTree = "<group>";
		};
		50F902031BB4F41300864FE2 /* ShakedownUITests */ = {
			isa = PBXGroup;
			children = (
				50F902041BB4F41300864FE2 /* ShakedownUITests.swift */,
				50F902061BB4F41300864FE2 /* Info.plist */,
			);
			path = ShakedownUITests;
			sourceTree = "<group>";
		};
		818079BAD8B4B9FCCA9F6A70 /* Pods */ = {
			isa = PBXGroup;
			children = (
				E1AA48FEA7020C322D210F6D /* Pods-ShakedownSampleTests.debug.xcconfig */,
				F7122C9A71F3161C27E4F821 /* Pods-ShakedownSampleTests.release.xcconfig */,
			);
			name = Pods;
			sourceTree = "<group>";
		};
/* End PBXGroup section */

/* Begin PBXNativeTarget section */
		5037561F1AB91B1900F3419B /* ShakedownSample */ = {
			isa = PBXNativeTarget;
			buildConfigurationList = 5037563F1AB91B1900F3419B /* Build configuration list for PBXNativeTarget "ShakedownSample" */;
			buildPhases = (
				5037561C1AB91B1900F3419B /* Sources */,
				5037561D1AB91B1900F3419B /* Frameworks */,
				5037561E1AB91B1900F3419B /* Resources */,
				50F9020E1BB4F46900864FE2 /* CopyFiles */,
			);
			buildRules = (
			);
			dependencies = (
			);
			name = ShakedownSample;
			productName = ShakedownSample;
			productReference = 503756201AB91B1900F3419B /* ShakedownSample.app */;
			productType = "com.apple.product-type.application";
		};
		50F902011BB4F41300864FE2 /* ShakedownUITests */ = {
			isa = PBXNativeTarget;
			buildConfigurationList = 50F9020B1BB4F41300864FE2 /* Build configuration list for PBXNativeTarget "ShakedownUITests" */;
			buildPhases = (
				50F901FE1BB4F41300864FE2 /* Sources */,
				50F901FF1BB4F41300864FE2 /* Frameworks */,
				50F902001BB4F41300864FE2 /* Resources */,
			);
			buildRules = (
			);
			dependencies = (
				50F902081BB4F41300864FE2 /* PBXTargetDependency */,
			);
			name = ShakedownUITests;
			productName = ShakedownUITests;
			productReference = 50F902021BB4F41300864FE2 /* ShakedownUITests.xctest */;
			productType = "com.apple.product-type.bundle.ui-testing";
		};
/* End PBXNativeTarget section */

/* Begin PBXProject section */
		503756181AB91B1900F3419B /* Project object */ = {
			isa = PBXProject;
			attributes = {
				LastSwiftMigration = 0700;
				LastSwiftUpdateCheck = 0700;
				LastUpgradeCheck = 0700;
				ORGANIZATIONNAME = "Max Goedjen";
				TargetAttributes = {
					5037561F1AB91B1900F3419B = {
						CreatedOnToolsVersion = 6.2;
						SystemCapabilities = {
							com.apple.Maps.iOS = {
								enabled = 0;
							};
						};
					};
					50F902011BB4F41300864FE2 = {
						CreatedOnToolsVersion = 7.0;
						TestTargetID = 5037561F1AB91B1900F3419B;
					};
				};
			};
			buildConfigurationList = 5037561B1AB91B1900F3419B /* Build configuration list for PBXProject "ShakedownSample" */;
			compatibilityVersion = "Xcode 3.2";
			developmentRegion = English;
			hasScannedForEncodings = 0;
			knownRegions = (
				en,
				Base,
			);
			mainGroup = 503756171AB91B1900F3419B;
			productRefGroup = 503756211AB91B1900F3419B /* Products */;
			projectDirPath = "";
			projectRoot = "";
			targets = (
				5037561F1AB91B1900F3419B /* ShakedownSample */,
				50F902011BB4F41300864FE2 /* ShakedownUITests */,
			);
		};
/* End PBXProject section */

/* Begin PBXResourcesBuildPhase section */
		5037561E1AB91B1900F3419B /* Resources */ = {
			isa = PBXResourcesBuildPhase;
			buildActionMask = 2147483647;
			files = (
				5037562B1AB91B1900F3419B /* Main.storyboard in Resources */,
				503756301AB91B1900F3419B /* LaunchScreen.xib in Resources */,
				5037562D1AB91B1900F3419B /* Images.xcassets in Resources */,
			);
			runOnlyForDeploymentPostprocessing = 0;
		};
		50F902001BB4F41300864FE2 /* Resources */ = {
			isa = PBXResourcesBuildPhase;
			buildActionMask = 2147483647;
			files = (
			);
			runOnlyForDeploymentPostprocessing = 0;
		};
/* End PBXResourcesBuildPhase section */

/* Begin PBXSourcesBuildPhase section */
		5037561C1AB91B1900F3419B /* Sources */ = {
			isa = PBXSourcesBuildPhase;
			buildActionMask = 2147483647;
			files = (
				503756281AB91B1900F3419B /* ViewController.swift in Sources */,
				503756261AB91B1900F3419B /* AppDelegate.swift in Sources */,
				50B2A2741ABECC6700C7A075 /* ObjCViewController.m in Sources */,
			);
			runOnlyForDeploymentPostprocessing = 0;
		};
		50F901FE1BB4F41300864FE2 /* Sources */ = {
			isa = PBXSourcesBuildPhase;
			buildActionMask = 2147483647;
			files = (
				50F902051BB4F41300864FE2 /* ShakedownUITests.swift in Sources */,
			);
			runOnlyForDeploymentPostprocessing = 0;
		};
/* End PBXSourcesBuildPhase section */

/* Begin PBXTargetDependency section */
		50F902081BB4F41300864FE2 /* PBXTargetDependency */ = {
			isa = PBXTargetDependency;
			target = 5037561F1AB91B1900F3419B /* ShakedownSample */;
			targetProxy = 50F902071BB4F41300864FE2 /* PBXContainerItemProxy */;
		};
/* End PBXTargetDependency section */

/* Begin PBXVariantGroup section */
		503756291AB91B1900F3419B /* Main.storyboard */ = {
			isa = PBXVariantGroup;
			children = (
				5037562A1AB91B1900F3419B /* Base */,
			);
			name = Main.storyboard;
			sourceTree = "<group>";
		};
		5037562E1AB91B1900F3419B /* LaunchScreen.xib */ = {
			isa = PBXVariantGroup;
			children = (
				5037562F1AB91B1900F3419B /* Base */,
			);
			name = LaunchScreen.xib;
			sourceTree = "<group>";
		};
/* End PBXVariantGroup section */

/* Begin XCBuildConfiguration section */
		5037563D1AB91B1900F3419B /* Debug */ = {
			isa = XCBuildConfiguration;
			buildSettings = {
				ALWAYS_SEARCH_USER_PATHS = NO;
				CLANG_CXX_LANGUAGE_STANDARD = "gnu++0x";
				CLANG_CXX_LIBRARY = "libc++";
				CLANG_ENABLE_MODULES = YES;
				CLANG_ENABLE_OBJC_ARC = YES;
				CLANG_WARN_BOOL_CONVERSION = YES;
				CLANG_WARN_CONSTANT_CONVERSION = YES;
				CLANG_WARN_DIRECT_OBJC_ISA_USAGE = YES_ERROR;
				CLANG_WARN_EMPTY_BODY = YES;
				CLANG_WARN_ENUM_CONVERSION = YES;
				CLANG_WARN_INT_CONVERSION = YES;
				CLANG_WARN_OBJC_ROOT_CLASS = YES_ERROR;
				CLANG_WARN_UNREACHABLE_CODE = YES;
				CLANG_WARN__DUPLICATE_METHOD_MATCH = YES;
				"CODE_SIGN_IDENTITY[sdk=iphoneos*]" = "iPhone Developer";
				COPY_PHASE_STRIP = NO;
				ENABLE_STRICT_OBJC_MSGSEND = YES;
				ENABLE_TESTABILITY = YES;
				GCC_C_LANGUAGE_STANDARD = gnu99;
				GCC_DYNAMIC_NO_PIC = NO;
				GCC_OPTIMIZATION_LEVEL = 0;
				GCC_PREPROCESSOR_DEFINITIONS = (
					"DEBUG=1",
					"$(inherited)",
				);
				GCC_SYMBOLS_PRIVATE_EXTERN = NO;
				GCC_WARN_64_TO_32_BIT_CONVERSION = YES;
				GCC_WARN_ABOUT_RETURN_TYPE = YES_ERROR;
				GCC_WARN_UNDECLARED_SELECTOR = YES;
				GCC_WARN_UNINITIALIZED_AUTOS = YES_AGGRESSIVE;
				GCC_WARN_UNUSED_FUNCTION = YES;
				GCC_WARN_UNUSED_VARIABLE = YES;
				IPHONEOS_DEPLOYMENT_TARGET = 8.2;
				MTL_ENABLE_DEBUG_INFO = YES;
				ONLY_ACTIVE_ARCH = YES;
				SDKROOT = iphoneos;
				SWIFT_OPTIMIZATION_LEVEL = "-Onone";
				TARGETED_DEVICE_FAMILY = "1,2";
			};
			name = Debug;
		};
		5037563E1AB91B1900F3419B /* Release */ = {
			isa = XCBuildConfiguration;
			buildSettings = {
				ALWAYS_SEARCH_USER_PATHS = NO;
				CLANG_CXX_LANGUAGE_STANDARD = "gnu++0x";
				CLANG_CXX_LIBRARY = "libc++";
				CLANG_ENABLE_MODULES = YES;
				CLANG_ENABLE_OBJC_ARC = YES;
				CLANG_WARN_BOOL_CONVERSION = YES;
				CLANG_WARN_CONSTANT_CONVERSION = YES;
				CLANG_WARN_DIRECT_OBJC_ISA_USAGE = YES_ERROR;
				CLANG_WARN_EMPTY_BODY = YES;
				CLANG_WARN_ENUM_CONVERSION = YES;
				CLANG_WARN_INT_CONVERSION = YES;
				CLANG_WARN_OBJC_ROOT_CLASS = YES_ERROR;
				CLANG_WARN_UNREACHABLE_CODE = YES;
				CLANG_WARN__DUPLICATE_METHOD_MATCH = YES;
				"CODE_SIGN_IDENTITY[sdk=iphoneos*]" = "iPhone Developer";
				COPY_PHASE_STRIP = NO;
				ENABLE_NS_ASSERTIONS = NO;
				ENABLE_STRICT_OBJC_MSGSEND = YES;
				GCC_C_LANGUAGE_STANDARD = gnu99;
				GCC_WARN_64_TO_32_BIT_CONVERSION = YES;
				GCC_WARN_ABOUT_RETURN_TYPE = YES_ERROR;
				GCC_WARN_UNDECLARED_SELECTOR = YES;
				GCC_WARN_UNINITIALIZED_AUTOS = YES_AGGRESSIVE;
				GCC_WARN_UNUSED_FUNCTION = YES;
				GCC_WARN_UNUSED_VARIABLE = YES;
				IPHONEOS_DEPLOYMENT_TARGET = 8.2;
				MTL_ENABLE_DEBUG_INFO = NO;
				SDKROOT = iphoneos;
				TARGETED_DEVICE_FAMILY = "1,2";
				VALIDATE_PRODUCT = YES;
			};
			name = Release;
		};
		503756401AB91B1900F3419B /* Debug */ = {
			isa = XCBuildConfiguration;
			buildSettings = {
				ASSETCATALOG_COMPILER_APPICON_NAME = AppIcon;
				CLANG_ENABLE_MODULES = YES;
				FRAMEWORK_SEARCH_PATHS = (
					"$(inherited)",
					"$(PROJECT_DIR)/build/Debug-iphoneos",
				);
				INFOPLIST_FILE = "ShakedownSample/Supporting Files/Info.plist";
				IPHONEOS_DEPLOYMENT_TARGET = 8.0;
				LD_RUNPATH_SEARCH_PATHS = "$(inherited) @executable_path/Frameworks";
				PRODUCT_BUNDLE_IDENTIFIER = "com.goedjen.$(PRODUCT_NAME:rfc1034identifier)";
				PRODUCT_NAME = "$(TARGET_NAME)";
				SWIFT_OBJC_BRIDGING_HEADER = "ShakedownSample/ShakedownSample-Bridging-Header.h";
				SWIFT_OPTIMIZATION_LEVEL = "-Onone";
			};
			name = Debug;
		};
		503756411AB91B1900F3419B /* Release */ = {
			isa = XCBuildConfiguration;
			buildSettings = {
				ASSETCATALOG_COMPILER_APPICON_NAME = AppIcon;
				CLANG_ENABLE_MODULES = YES;
				FRAMEWORK_SEARCH_PATHS = (
					"$(inherited)",
					"$(PROJECT_DIR)/build/Debug-iphoneos",
				);
				INFOPLIST_FILE = "ShakedownSample/Supporting Files/Info.plist";
				IPHONEOS_DEPLOYMENT_TARGET = 8.0;
				LD_RUNPATH_SEARCH_PATHS = "$(inherited) @executable_path/Frameworks";
				PRODUCT_BUNDLE_IDENTIFIER = "com.goedjen.$(PRODUCT_NAME:rfc1034identifier)";
				PRODUCT_NAME = "$(TARGET_NAME)";
				SWIFT_OBJC_BRIDGING_HEADER = "ShakedownSample/ShakedownSample-Bridging-Header.h";
			};
			name = Release;
		};
		50F902091BB4F41300864FE2 /* Debug */ = {
			isa = XCBuildConfiguration;
			buildSettings = {
				DEBUG_INFORMATION_FORMAT = dwarf;
				GCC_NO_COMMON_BLOCKS = YES;
				INFOPLIST_FILE = ShakedownUITests/Info.plist;
				IPHONEOS_DEPLOYMENT_TARGET = 9.0;
				LD_RUNPATH_SEARCH_PATHS = "$(inherited) @executable_path/Frameworks @loader_path/Frameworks";
				PRODUCT_BUNDLE_IDENTIFIER = com.foundry63.ShakedownUITests;
				PRODUCT_NAME = "$(TARGET_NAME)";
				TEST_TARGET_NAME = ShakedownSample;
				USES_XCTRUNNER = YES;
			};
			name = Debug;
		};
		50F9020A1BB4F41300864FE2 /* Release */ = {
			isa = XCBuildConfiguration;
			buildSettings = {
				DEBUG_INFORMATION_FORMAT = "dwarf-with-dsym";
				GCC_NO_COMMON_BLOCKS = YES;
				INFOPLIST_FILE = ShakedownUITests/Info.plist;
				IPHONEOS_DEPLOYMENT_TARGET = 9.0;
				LD_RUNPATH_SEARCH_PATHS = "$(inherited) @executable_path/Frameworks @loader_path/Frameworks";
				PRODUCT_BUNDLE_IDENTIFIER = com.foundry63.ShakedownUITests;
				PRODUCT_NAME = "$(TARGET_NAME)";
				TEST_TARGET_NAME = ShakedownSample;
				USES_XCTRUNNER = YES;
			};
			name = Release;
		};
/* End XCBuildConfiguration section */

/* Begin XCConfigurationList section */
		5037561B1AB91B1900F3419B /* Build configuration list for PBXProject "ShakedownSample" */ = {
			isa = XCConfigurationList;
			buildConfigurations = (
				5037563D1AB91B1900F3419B /* Debug */,
				5037563E1AB91B1900F3419B /* Release */,
			);
			defaultConfigurationIsVisible = 0;
			defaultConfigurationName = Release;
		};
		5037563F1AB91B1900F3419B /* Build configuration list for PBXNativeTarget "ShakedownSample" */ = {
			isa = XCConfigurationList;
			buildConfigurations = (
				503756401AB91B1900F3419B /* Debug */,
				503756411AB91B1900F3419B /* Release */,
			);
			defaultConfigurationIsVisible = 0;
			defaultConfigurationName = Release;
		};
		50F9020B1BB4F41300864FE2 /* Build configuration list for PBXNativeTarget "ShakedownUITests" */ = {
			isa = XCConfigurationList;
			buildConfigurations = (
				50F902091BB4F41300864FE2 /* Debug */,
				50F9020A1BB4F41300864FE2 /* Release */,
			);
			defaultConfigurationIsVisible = 0;
			defaultConfigurationName = Release;
		};
/* End XCConfigurationList section */
	};
	rootObject = 503756181AB91B1900F3419B /* Project object */;
}
